
Microsoft Visual Studio Solution File, Format Version 12.00
# Visual Studio 2012
Project("{D954291E-2A0B-460D-934E-DC6B0785DB48}") = "SQLiteNETSharedProject", "SQLiteNETSharedProject\SQLiteNETSharedProject.shproj", "{BD08F420-B81E-46BD-A404-AE1AA88CA12F}"
EndProject
Project("{FAE04EC0-301F-11D3-BF4B-00C04F79EFBC}") = "SQLiteNETSharedProject.Droid", "Droid\SQLiteNETSharedProject.Droid.csproj", "{68987AB2-8378-431A-A568-53A58E523375}"
EndProject
Project("{FAE04EC0-301F-11D3-BF4B-00C04F79EFBC}") = "SQLiteNETSharedProject.iOS", "iOS\SQLiteNETSharedProject.iOS.csproj", "{2A991FA3-7705-45A4-BD8B-1E339EA89193}"
EndProject
Global
	GlobalSection(SolutionConfigurationPlatforms) = preSolution
		Debug|Any CPU = Debug|Any CPU
		Release|Any CPU = Release|Any CPU
		Debug|iPhoneSimulator = Debug|iPhoneSimulator
		Release|iPhone = Release|iPhone
		Release|iPhoneSimulator = Release|iPhoneSimulator
		Debug|iPhone = Debug|iPhone
	EndGlobalSection
	GlobalSection(ProjectConfigurationPlatforms) = postSolution
		{2A991FA3-7705-45A4-BD8B-1E339EA89193}.Debug|Any CPU.ActiveCfg = Debug|iPhoneSimulator
		{2A991FA3-7705-45A4-BD8B-1E339EA89193}.Debug|Any CPU.Build.0 = Debug|iPhoneSimulator
		{2A991FA3-7705-45A4-BD8B-1E339EA89193}.Debug|iPhone.ActiveCfg = Debug|iPhone
		{2A991FA3-7705-45A4-BD8B-1E339EA89193}.Debug|iPhone.Build.0 = Debug|iPhone
		{2A991FA3-7705-45A4-BD8B-1E339EA89193}.Debug|iPhoneSimulator.ActiveCfg = Debug|iPhoneSimulator
		{2A991FA3-7705-45A4-BD8B-1E339EA89193}.Debug|iPhoneSimulator.Build.0 = Debug|iPhoneSimulator
		{2A991FA3-7705-45A4-BD8B-1E339EA89193}.Release|Any CPU.ActiveCfg = Release|iPhone
		{2A991FA3-7705-45A4-BD8B-1E339EA89193}.Release|Any CPU.Build.0 = Release|iPhone
		{2A991FA3-7705-45A4-BD8B-1E339EA89193}.Release|iPhone.ActiveCfg = Release|iPhone
		{2A991FA3-7705-45A4-BD8B-1E339EA89193}.Release|iPhone.Build.0 = Release|iPhone
		{2A991FA3-7705-45A4-BD8B-1E339EA89193}.Release|iPhoneSimulator.ActiveCfg = Release|iPhoneSimulator
		{2A991FA3-7705-45A4-BD8B-1E339EA89193}.Release|iPhoneSimulator.Build.0 = Release|iPhoneSimulator
		{68987AB2-8378-431A-A568-53A58E523375}.Debug|Any CPU.ActiveCfg = Debug|Any CPU
		{68987AB2-8378-431A-A568-53A58E523375}.Debug|Any CPU.Build.0 = Debug|Any CPU
		{68987AB2-8378-431A-A568-53A58E523375}.Debug|iPhone.ActiveCfg = Debug|Any CPU
		{68987AB2-8378-431A-A568-53A58E523375}.Debug|iPhone.Build.0 = Debug|Any CPU
		{68987AB2-8378-431A-A568-53A58E523375}.Debug|iPhoneSimulator.ActiveCfg = Debug|Any CPU
		{68987AB2-8378-431A-A568-53A58E523375}.Debug|iPhoneSimulator.Build.0 = Debug|Any CPU
		{68987AB2-8378-431A-A568-53A58E523375}.Release|Any CPU.ActiveCfg = Release|Any CPU
		{68987AB2-8378-431A-A568-53A58E523375}.Release|Any CPU.Build.0 = Release|Any CPU
		{68987AB2-8378-431A-A568-53A58E523375}.Release|iPhone.ActiveCfg = Release|Any CPU
		{68987AB2-8378-431A-A568-53A58E523375}.Release|iPhone.Build.0 = Release|Any CPU
		{68987AB2-8378-431A-A568-53A58E523375}.Release|iPhoneSimulator.ActiveCfg = Release|Any CPU
		{68987AB2-8378-431A-A568-53A58E523375}.Release|iPhoneSimulator.Build.0 = Release|Any CPU
	EndGlobalSection
EndGlobal
