
Microsoft Visual Studio Solution File, Format Version 12.00
# Visual Studio 2012
Project("{FAE04EC0-301F-11D3-BF4B-00C04F79EFBC}") = "iOSLayoutExample2", "iOSLayoutExample2\iOSLayoutExample2.csproj", "{72904907-B093-48FD-86A4-69504A8C0247}"
EndProject
Global
	GlobalSection(SolutionConfigurationPlatforms) = preSolution
		Debug|iPhoneSimulator = Debug|iPhoneSimulator
		Release|iPhoneSimulator = Release|iPhoneSimulator
		Debug|iPhone = Debug|iPhone
		Release|iPhone = Release|iPhone
		Ad-Hoc|iPhone = Ad-Hoc|iPhone
		AppStore|iPhone = AppStore|iPhone
	EndGlobalSection
	GlobalSection(ProjectConfigurationPlatforms) = postSolution
		{72904907-B093-48FD-86A4-69504A8C0247}.Ad-Hoc|iPhone.ActiveCfg = Ad-Hoc|iPhone
		{72904907-B093-48FD-86A4-69504A8C0247}.Ad-Hoc|iPhone.Build.0 = Ad-Hoc|iPhone
		{72904907-B093-48FD-86A4-69504A8C0247}.AppStore|iPhone.ActiveCfg = AppStore|iPhone
		{72904907-B093-48FD-86A4-69504A8C0247}.AppStore|iPhone.Build.0 = AppStore|iPhone
		{72904907-B093-48FD-86A4-69504A8C0247}.Debug|iPhone.ActiveCfg = Debug|iPhone
		{72904907-B093-48FD-86A4-69504A8C0247}.Debug|iPhone.Build.0 = Debug|iPhone
		{72904907-B093-48FD-86A4-69504A8C0247}.Debug|iPhoneSimulator.ActiveCfg = Debug|iPhoneSimulator
		{72904907-B093-48FD-86A4-69504A8C0247}.Debug|iPhoneSimulator.Build.0 = Debug|iPhoneSimulator
		{72904907-B093-48FD-86A4-69504A8C0247}.Release|iPhone.ActiveCfg = Release|iPhone
		{72904907-B093-48FD-86A4-69504A8C0247}.Release|iPhone.Build.0 = Release|iPhone
		{72904907-B093-48FD-86A4-69504A8C0247}.Release|iPhoneSimulator.ActiveCfg = Release|iPhoneSimulator
		{72904907-B093-48FD-86A4-69504A8C0247}.Release|iPhoneSimulator.Build.0 = Release|iPhoneSimulator
	EndGlobalSection
	GlobalSection(MonoDevelopProperties) = preSolution
		StartupItem = iOSLayoutExample2\iOSLayoutExample2.csproj
	EndGlobalSection
EndGlobal
