
Microsoft Visual Studio Solution File, Format Version 12.00
# Visual Studio 2012
Project("{FAE04EC0-301F-11D3-BF4B-00C04F79EFBC}") = "ListViewExample", "ListViewExample\ListViewExample\ListViewExample.csproj", "{28117177-90FF-40C6-A7FB-99EF04043239}"
EndProject
Project("{FAE04EC0-301F-11D3-BF4B-00C04F79EFBC}") = "ListViewExample.iOS", "ListViewExample\ListViewExample.iOS\ListViewExample.iOS.csproj", "{C4503C82-DBDC-4098-8633-0F75F34C3572}"
EndProject
Project("{FAE04EC0-301F-11D3-BF4B-00C04F79EFBC}") = "ListViewExample.Android", "ListViewExample\ListViewExample.Android\ListViewExample.Android.csproj", "{77A82ED9-43C8-4431-A359-A8BEE47EAD89}"
EndProject
Project("{FAE04EC0-301F-11D3-BF4B-00C04F79EFBC}") = "ListViewExample.WinPhone", "ListViewExample\ListViewExample.WinPhone\ListViewExample.WinPhone.csproj", "{E1CC3E73-C026-4CC6-87C7-3349BAE8CF21}"
EndProject
Global
	GlobalSection(SolutionConfigurationPlatforms) = preSolution
		Ad-Hoc|Any CPU = Ad-Hoc|Any CPU
		Ad-Hoc|ARM = Ad-Hoc|ARM
		Ad-Hoc|iPhone = Ad-Hoc|iPhone
		Ad-Hoc|iPhoneSimulator = Ad-Hoc|iPhoneSimulator
		Ad-Hoc|Mixed Platforms = Ad-Hoc|Mixed Platforms
		Ad-Hoc|x86 = Ad-Hoc|x86
		AppStore|Any CPU = AppStore|Any CPU
		AppStore|ARM = AppStore|ARM
		AppStore|iPhone = AppStore|iPhone
		AppStore|iPhoneSimulator = AppStore|iPhoneSimulator
		AppStore|Mixed Platforms = AppStore|Mixed Platforms
		AppStore|x86 = AppStore|x86
		Debug|Any CPU = Debug|Any CPU
		Debug|ARM = Debug|ARM
		Debug|iPhone = Debug|iPhone
		Debug|iPhoneSimulator = Debug|iPhoneSimulator
		Debug|Mixed Platforms = Debug|Mixed Platforms
		Debug|x86 = Debug|x86
		Release|Any CPU = Release|Any CPU
		Release|ARM = Release|ARM
		Release|iPhone = Release|iPhone
		Release|iPhoneSimulator = Release|iPhoneSimulator
		Release|Mixed Platforms = Release|Mixed Platforms
		Release|x86 = Release|x86
	EndGlobalSection
	GlobalSection(ProjectConfigurationPlatforms) = postSolution
		{28117177-90FF-40C6-A7FB-99EF04043239}.Ad-Hoc|Any CPU.ActiveCfg = Release|Any CPU
		{28117177-90FF-40C6-A7FB-99EF04043239}.Ad-Hoc|Any CPU.Build.0 = Release|Any CPU
		{28117177-90FF-40C6-A7FB-99EF04043239}.Ad-Hoc|ARM.ActiveCfg = Debug|Any CPU
		{28117177-90FF-40C6-A7FB-99EF04043239}.Ad-Hoc|iPhone.ActiveCfg = Release|Any CPU
		{28117177-90FF-40C6-A7FB-99EF04043239}.Ad-Hoc|iPhoneSimulator.ActiveCfg = Release|Any CPU
		{28117177-90FF-40C6-A7FB-99EF04043239}.Ad-Hoc|Mixed Platforms.ActiveCfg = Release|Any CPU
		{28117177-90FF-40C6-A7FB-99EF04043239}.Ad-Hoc|Mixed Platforms.Build.0 = Release|Any CPU
		{28117177-90FF-40C6-A7FB-99EF04043239}.Ad-Hoc|x86.ActiveCfg = Debug|Any CPU
		{28117177-90FF-40C6-A7FB-99EF04043239}.AppStore|Any CPU.ActiveCfg = Release|Any CPU
		{28117177-90FF-40C6-A7FB-99EF04043239}.AppStore|Any CPU.Build.0 = Release|Any CPU
		{28117177-90FF-40C6-A7FB-99EF04043239}.AppStore|ARM.ActiveCfg = Debug|Any CPU
		{28117177-90FF-40C6-A7FB-99EF04043239}.AppStore|iPhone.ActiveCfg = Release|Any CPU
		{28117177-90FF-40C6-A7FB-99EF04043239}.AppStore|iPhoneSimulator.ActiveCfg = Release|Any CPU
		{28117177-90FF-40C6-A7FB-99EF04043239}.AppStore|Mixed Platforms.ActiveCfg = Release|Any CPU
		{28117177-90FF-40C6-A7FB-99EF04043239}.AppStore|Mixed Platforms.Build.0 = Release|Any CPU
		{28117177-90FF-40C6-A7FB-99EF04043239}.AppStore|x86.ActiveCfg = Debug|Any CPU
		{28117177-90FF-40C6-A7FB-99EF04043239}.Debug|Any CPU.ActiveCfg = Debug|Any CPU
		{28117177-90FF-40C6-A7FB-99EF04043239}.Debug|Any CPU.Build.0 = Debug|Any CPU
		{28117177-90FF-40C6-A7FB-99EF04043239}.Debug|ARM.ActiveCfg = Debug|Any CPU
		{28117177-90FF-40C6-A7FB-99EF04043239}.Debug|iPhone.ActiveCfg = Debug|Any CPU
		{28117177-90FF-40C6-A7FB-99EF04043239}.Debug|iPhoneSimulator.ActiveCfg = Debug|Any CPU
		{28117177-90FF-40C6-A7FB-99EF04043239}.Debug|Mixed Platforms.ActiveCfg = Debug|Any CPU
		{28117177-90FF-40C6-A7FB-99EF04043239}.Debug|Mixed Platforms.Build.0 = Debug|Any CPU
		{28117177-90FF-40C6-A7FB-99EF04043239}.Debug|x86.ActiveCfg = Debug|Any CPU
		{28117177-90FF-40C6-A7FB-99EF04043239}.Release|Any CPU.ActiveCfg = Release|Any CPU
		{28117177-90FF-40C6-A7FB-99EF04043239}.Release|Any CPU.Build.0 = Release|Any CPU
		{28117177-90FF-40C6-A7FB-99EF04043239}.Release|ARM.ActiveCfg = Release|Any CPU
		{28117177-90FF-40C6-A7FB-99EF04043239}.Release|iPhone.ActiveCfg = Release|Any CPU
		{28117177-90FF-40C6-A7FB-99EF04043239}.Release|iPhoneSimulator.ActiveCfg = Release|Any CPU
		{28117177-90FF-40C6-A7FB-99EF04043239}.Release|Mixed Platforms.ActiveCfg = Release|Any CPU
		{28117177-90FF-40C6-A7FB-99EF04043239}.Release|Mixed Platforms.Build.0 = Release|Any CPU
		{28117177-90FF-40C6-A7FB-99EF04043239}.Release|x86.ActiveCfg = Release|Any CPU
		{77A82ED9-43C8-4431-A359-A8BEE47EAD89}.Ad-Hoc|Any CPU.ActiveCfg = Release|Any CPU
		{77A82ED9-43C8-4431-A359-A8BEE47EAD89}.Ad-Hoc|Any CPU.Build.0 = Release|Any CPU
		{77A82ED9-43C8-4431-A359-A8BEE47EAD89}.Ad-Hoc|Any CPU.Deploy.0 = Release|Any CPU
		{77A82ED9-43C8-4431-A359-A8BEE47EAD89}.Ad-Hoc|ARM.ActiveCfg = Debug|Any CPU
		{77A82ED9-43C8-4431-A359-A8BEE47EAD89}.Ad-Hoc|iPhone.ActiveCfg = Release|Any CPU
		{77A82ED9-43C8-4431-A359-A8BEE47EAD89}.Ad-Hoc|iPhoneSimulator.ActiveCfg = Release|Any CPU
		{77A82ED9-43C8-4431-A359-A8BEE47EAD89}.Ad-Hoc|Mixed Platforms.ActiveCfg = Release|Any CPU
		{77A82ED9-43C8-4431-A359-A8BEE47EAD89}.Ad-Hoc|Mixed Platforms.Build.0 = Release|Any CPU
		{77A82ED9-43C8-4431-A359-A8BEE47EAD89}.Ad-Hoc|Mixed Platforms.Deploy.0 = Release|Any CPU
		{77A82ED9-43C8-4431-A359-A8BEE47EAD89}.Ad-Hoc|x86.ActiveCfg = Debug|Any CPU
		{77A82ED9-43C8-4431-A359-A8BEE47EAD89}.AppStore|Any CPU.ActiveCfg = Release|Any CPU
		{77A82ED9-43C8-4431-A359-A8BEE47EAD89}.AppStore|Any CPU.Build.0 = Release|Any CPU
		{77A82ED9-43C8-4431-A359-A8BEE47EAD89}.AppStore|Any CPU.Deploy.0 = Release|Any CPU
		{77A82ED9-43C8-4431-A359-A8BEE47EAD89}.AppStore|ARM.ActiveCfg = Debug|Any CPU
		{77A82ED9-43C8-4431-A359-A8BEE47EAD89}.AppStore|iPhone.ActiveCfg = Release|Any CPU
		{77A82ED9-43C8-4431-A359-A8BEE47EAD89}.AppStore|iPhoneSimulator.ActiveCfg = Release|Any CPU
		{77A82ED9-43C8-4431-A359-A8BEE47EAD89}.AppStore|Mixed Platforms.ActiveCfg = Release|Any CPU
		{77A82ED9-43C8-4431-A359-A8BEE47EAD89}.AppStore|Mixed Platforms.Build.0 = Release|Any CPU
		{77A82ED9-43C8-4431-A359-A8BEE47EAD89}.AppStore|Mixed Platforms.Deploy.0 = Release|Any CPU
		{77A82ED9-43C8-4431-A359-A8BEE47EAD89}.AppStore|x86.ActiveCfg = Debug|Any CPU
		{77A82ED9-43C8-4431-A359-A8BEE47EAD89}.Debug|Any CPU.ActiveCfg = Debug|Any CPU
		{77A82ED9-43C8-4431-A359-A8BEE47EAD89}.Debug|Any CPU.Build.0 = Debug|Any CPU
		{77A82ED9-43C8-4431-A359-A8BEE47EAD89}.Debug|Any CPU.Deploy.0 = Debug|Any CPU
		{77A82ED9-43C8-4431-A359-A8BEE47EAD89}.Debug|ARM.ActiveCfg = Debug|Any CPU
		{77A82ED9-43C8-4431-A359-A8BEE47EAD89}.Debug|iPhone.ActiveCfg = Debug|Any CPU
		{77A82ED9-43C8-4431-A359-A8BEE47EAD89}.Debug|iPhoneSimulator.ActiveCfg = Debug|Any CPU
		{77A82ED9-43C8-4431-A359-A8BEE47EAD89}.Debug|Mixed Platforms.ActiveCfg = Debug|Any CPU
		{77A82ED9-43C8-4431-A359-A8BEE47EAD89}.Debug|Mixed Platforms.Build.0 = Debug|Any CPU
		{77A82ED9-43C8-4431-A359-A8BEE47EAD89}.Debug|Mixed Platforms.Deploy.0 = Debug|Any CPU
		{77A82ED9-43C8-4431-A359-A8BEE47EAD89}.Debug|x86.ActiveCfg = Debug|Any CPU
		{77A82ED9-43C8-4431-A359-A8BEE47EAD89}.Release|Any CPU.ActiveCfg = Release|Any CPU
		{77A82ED9-43C8-4431-A359-A8BEE47EAD89}.Release|Any CPU.Build.0 = Release|Any CPU
		{77A82ED9-43C8-4431-A359-A8BEE47EAD89}.Release|Any CPU.Deploy.0 = Release|Any CPU
		{77A82ED9-43C8-4431-A359-A8BEE47EAD89}.Release|ARM.ActiveCfg = Release|Any CPU
		{77A82ED9-43C8-4431-A359-A8BEE47EAD89}.Release|iPhone.ActiveCfg = Release|Any CPU
		{77A82ED9-43C8-4431-A359-A8BEE47EAD89}.Release|iPhoneSimulator.ActiveCfg = Release|Any CPU
		{77A82ED9-43C8-4431-A359-A8BEE47EAD89}.Release|Mixed Platforms.ActiveCfg = Release|Any CPU
		{77A82ED9-43C8-4431-A359-A8BEE47EAD89}.Release|Mixed Platforms.Build.0 = Release|Any CPU
		{77A82ED9-43C8-4431-A359-A8BEE47EAD89}.Release|Mixed Platforms.Deploy.0 = Release|Any CPU
		{77A82ED9-43C8-4431-A359-A8BEE47EAD89}.Release|x86.ActiveCfg = Release|Any CPU
		{C4503C82-DBDC-4098-8633-0F75F34C3572}.Ad-Hoc|Any CPU.ActiveCfg = Ad-Hoc|iPhone
		{C4503C82-DBDC-4098-8633-0F75F34C3572}.Ad-Hoc|Any CPU.Build.0 = Ad-Hoc|iPhone
		{C4503C82-DBDC-4098-8633-0F75F34C3572}.Ad-Hoc|ARM.ActiveCfg = Ad-Hoc|iPhoneSimulator
		{C4503C82-DBDC-4098-8633-0F75F34C3572}.Ad-Hoc|iPhone.ActiveCfg = Ad-Hoc|iPhone
		{C4503C82-DBDC-4098-8633-0F75F34C3572}.Ad-Hoc|iPhone.Build.0 = Ad-Hoc|iPhone
		{C4503C82-DBDC-4098-8633-0F75F34C3572}.Ad-Hoc|iPhoneSimulator.ActiveCfg = Ad-Hoc|iPhoneSimulator
		{C4503C82-DBDC-4098-8633-0F75F34C3572}.Ad-Hoc|iPhoneSimulator.Build.0 = Ad-Hoc|iPhoneSimulator
		{C4503C82-DBDC-4098-8633-0F75F34C3572}.Ad-Hoc|Mixed Platforms.ActiveCfg = Ad-Hoc|iPhone
		{C4503C82-DBDC-4098-8633-0F75F34C3572}.Ad-Hoc|Mixed Platforms.Build.0 = Ad-Hoc|iPhone
		{C4503C82-DBDC-4098-8633-0F75F34C3572}.Ad-Hoc|x86.ActiveCfg = Ad-Hoc|iPhoneSimulator
		{C4503C82-DBDC-4098-8633-0F75F34C3572}.AppStore|Any CPU.ActiveCfg = AppStore|iPhone
		{C4503C82-DBDC-4098-8633-0F75F34C3572}.AppStore|ARM.ActiveCfg = AppStore|iPhoneSimulator
		{C4503C82-DBDC-4098-8633-0F75F34C3572}.AppStore|iPhone.ActiveCfg = AppStore|iPhone
		{C4503C82-DBDC-4098-8633-0F75F34C3572}.AppStore|iPhone.Build.0 = AppStore|iPhone
		{C4503C82-DBDC-4098-8633-0F75F34C3572}.AppStore|iPhoneSimulator.ActiveCfg = AppStore|iPhoneSimulator
		{C4503C82-DBDC-4098-8633-0F75F34C3572}.AppStore|iPhoneSimulator.Build.0 = AppStore|iPhoneSimulator
		{C4503C82-DBDC-4098-8633-0F75F34C3572}.AppStore|Mixed Platforms.ActiveCfg = AppStore|iPhone
		{C4503C82-DBDC-4098-8633-0F75F34C3572}.AppStore|Mixed Platforms.Build.0 = AppStore|iPhone
		{C4503C82-DBDC-4098-8633-0F75F34C3572}.AppStore|x86.ActiveCfg = AppStore|iPhoneSimulator
		{C4503C82-DBDC-4098-8633-0F75F34C3572}.Debug|Any CPU.ActiveCfg = Debug|iPhone
		{C4503C82-DBDC-4098-8633-0F75F34C3572}.Debug|Any CPU.Build.0 = Debug|iPhone
		{C4503C82-DBDC-4098-8633-0F75F34C3572}.Debug|ARM.ActiveCfg = Debug|iPhoneSimulator
		{C4503C82-DBDC-4098-8633-0F75F34C3572}.Debug|iPhone.ActiveCfg = Debug|iPhone
		{C4503C82-DBDC-4098-8633-0F75F34C3572}.Debug|iPhone.Build.0 = Debug|iPhone
		{C4503C82-DBDC-4098-8633-0F75F34C3572}.Debug|iPhoneSimulator.ActiveCfg = Debug|iPhoneSimulator
		{C4503C82-DBDC-4098-8633-0F75F34C3572}.Debug|iPhoneSimulator.Build.0 = Debug|iPhoneSimulator
		{C4503C82-DBDC-4098-8633-0F75F34C3572}.Debug|Mixed Platforms.ActiveCfg = Debug|iPhone
		{C4503C82-DBDC-4098-8633-0F75F34C3572}.Debug|Mixed Platforms.Build.0 = Debug|iPhone
		{C4503C82-DBDC-4098-8633-0F75F34C3572}.Debug|x86.ActiveCfg = Debug|iPhoneSimulator
		{C4503C82-DBDC-4098-8633-0F75F34C3572}.Release|Any CPU.ActiveCfg = Release|iPhone
		{C4503C82-DBDC-4098-8633-0F75F34C3572}.Release|ARM.ActiveCfg = Release|iPhoneSimulator
		{C4503C82-DBDC-4098-8633-0F75F34C3572}.Release|iPhone.ActiveCfg = Release|iPhone
		{C4503C82-DBDC-4098-8633-0F75F34C3572}.Release|iPhone.Build.0 = Release|iPhone
		{C4503C82-DBDC-4098-8633-0F75F34C3572}.Release|iPhoneSimulator.ActiveCfg = Release|iPhoneSimulator
		{C4503C82-DBDC-4098-8633-0F75F34C3572}.Release|iPhoneSimulator.Build.0 = Release|iPhoneSimulator
		{C4503C82-DBDC-4098-8633-0F75F34C3572}.Release|Mixed Platforms.ActiveCfg = Release|iPhone
		{C4503C82-DBDC-4098-8633-0F75F34C3572}.Release|Mixed Platforms.Build.0 = Release|iPhone
		{C4503C82-DBDC-4098-8633-0F75F34C3572}.Release|x86.ActiveCfg = Release|iPhoneSimulator
		{E1CC3E73-C026-4CC6-87C7-3349BAE8CF21}.Ad-Hoc|Any CPU.ActiveCfg = Release|Any CPU
		{E1CC3E73-C026-4CC6-87C7-3349BAE8CF21}.Ad-Hoc|Any CPU.Build.0 = Release|Any CPU
		{E1CC3E73-C026-4CC6-87C7-3349BAE8CF21}.Ad-Hoc|Any CPU.Deploy.0 = Release|Any CPU
		{E1CC3E73-C026-4CC6-87C7-3349BAE8CF21}.Ad-Hoc|ARM.ActiveCfg = Release|ARM
		{E1CC3E73-C026-4CC6-87C7-3349BAE8CF21}.Ad-Hoc|ARM.Build.0 = Release|ARM
		{E1CC3E73-C026-4CC6-87C7-3349BAE8CF21}.Ad-Hoc|ARM.Deploy.0 = Release|ARM
		{E1CC3E73-C026-4CC6-87C7-3349BAE8CF21}.Ad-Hoc|iPhone.ActiveCfg = Release|Any CPU
		{E1CC3E73-C026-4CC6-87C7-3349BAE8CF21}.Ad-Hoc|iPhoneSimulator.ActiveCfg = Release|Any CPU
		{E1CC3E73-C026-4CC6-87C7-3349BAE8CF21}.Ad-Hoc|Mixed Platforms.ActiveCfg = Release|x86
		{E1CC3E73-C026-4CC6-87C7-3349BAE8CF21}.Ad-Hoc|Mixed Platforms.Build.0 = Release|x86
		{E1CC3E73-C026-4CC6-87C7-3349BAE8CF21}.Ad-Hoc|Mixed Platforms.Deploy.0 = Release|x86
		{E1CC3E73-C026-4CC6-87C7-3349BAE8CF21}.Ad-Hoc|x86.ActiveCfg = Release|x86
		{E1CC3E73-C026-4CC6-87C7-3349BAE8CF21}.Ad-Hoc|x86.Build.0 = Release|x86
		{E1CC3E73-C026-4CC6-87C7-3349BAE8CF21}.Ad-Hoc|x86.Deploy.0 = Release|x86
		{E1CC3E73-C026-4CC6-87C7-3349BAE8CF21}.AppStore|Any CPU.ActiveCfg = Release|Any CPU
		{E1CC3E73-C026-4CC6-87C7-3349BAE8CF21}.AppStore|Any CPU.Build.0 = Release|Any CPU
		{E1CC3E73-C026-4CC6-87C7-3349BAE8CF21}.AppStore|Any CPU.Deploy.0 = Release|Any CPU
		{E1CC3E73-C026-4CC6-87C7-3349BAE8CF21}.AppStore|ARM.ActiveCfg = Release|ARM
		{E1CC3E73-C026-4CC6-87C7-3349BAE8CF21}.AppStore|ARM.Build.0 = Release|ARM
		{E1CC3E73-C026-4CC6-87C7-3349BAE8CF21}.AppStore|ARM.Deploy.0 = Release|ARM
		{E1CC3E73-C026-4CC6-87C7-3349BAE8CF21}.AppStore|iPhone.ActiveCfg = Release|Any CPU
		{E1CC3E73-C026-4CC6-87C7-3349BAE8CF21}.AppStore|iPhoneSimulator.ActiveCfg = Release|Any CPU
		{E1CC3E73-C026-4CC6-87C7-3349BAE8CF21}.AppStore|Mixed Platforms.ActiveCfg = Release|x86
		{E1CC3E73-C026-4CC6-87C7-3349BAE8CF21}.AppStore|Mixed Platforms.Build.0 = Release|x86
		{E1CC3E73-C026-4CC6-87C7-3349BAE8CF21}.AppStore|Mixed Platforms.Deploy.0 = Release|x86
		{E1CC3E73-C026-4CC6-87C7-3349BAE8CF21}.AppStore|x86.ActiveCfg = Release|x86
		{E1CC3E73-C026-4CC6-87C7-3349BAE8CF21}.AppStore|x86.Build.0 = Release|x86
		{E1CC3E73-C026-4CC6-87C7-3349BAE8CF21}.AppStore|x86.Deploy.0 = Release|x86
		{E1CC3E73-C026-4CC6-87C7-3349BAE8CF21}.Debug|Any CPU.ActiveCfg = Debug|Any CPU
		{E1CC3E73-C026-4CC6-87C7-3349BAE8CF21}.Debug|Any CPU.Build.0 = Debug|Any CPU
		{E1CC3E73-C026-4CC6-87C7-3349BAE8CF21}.Debug|Any CPU.Deploy.0 = Debug|Any CPU
		{E1CC3E73-C026-4CC6-87C7-3349BAE8CF21}.Debug|ARM.ActiveCfg = Debug|ARM
		{E1CC3E73-C026-4CC6-87C7-3349BAE8CF21}.Debug|ARM.Build.0 = Debug|ARM
		{E1CC3E73-C026-4CC6-87C7-3349BAE8CF21}.Debug|ARM.Deploy.0 = Debug|ARM
		{E1CC3E73-C026-4CC6-87C7-3349BAE8CF21}.Debug|iPhone.ActiveCfg = Debug|Any CPU
		{E1CC3E73-C026-4CC6-87C7-3349BAE8CF21}.Debug|iPhoneSimulator.ActiveCfg = Debug|Any CPU
		{E1CC3E73-C026-4CC6-87C7-3349BAE8CF21}.Debug|Mixed Platforms.ActiveCfg = Debug|x86
		{E1CC3E73-C026-4CC6-87C7-3349BAE8CF21}.Debug|Mixed Platforms.Build.0 = Debug|x86
		{E1CC3E73-C026-4CC6-87C7-3349BAE8CF21}.Debug|Mixed Platforms.Deploy.0 = Debug|x86
		{E1CC3E73-C026-4CC6-87C7-3349BAE8CF21}.Debug|x86.ActiveCfg = Debug|x86
		{E1CC3E73-C026-4CC6-87C7-3349BAE8CF21}.Debug|x86.Build.0 = Debug|x86
		{E1CC3E73-C026-4CC6-87C7-3349BAE8CF21}.Debug|x86.Deploy.0 = Debug|x86
		{E1CC3E73-C026-4CC6-87C7-3349BAE8CF21}.Release|Any CPU.ActiveCfg = Release|Any CPU
		{E1CC3E73-C026-4CC6-87C7-3349BAE8CF21}.Release|Any CPU.Build.0 = Release|Any CPU
		{E1CC3E73-C026-4CC6-87C7-3349BAE8CF21}.Release|Any CPU.Deploy.0 = Release|Any CPU
		{E1CC3E73-C026-4CC6-87C7-3349BAE8CF21}.Release|ARM.ActiveCfg = Release|ARM
		{E1CC3E73-C026-4CC6-87C7-3349BAE8CF21}.Release|ARM.Build.0 = Release|ARM
		{E1CC3E73-C026-4CC6-87C7-3349BAE8CF21}.Release|ARM.Deploy.0 = Release|ARM
		{E1CC3E73-C026-4CC6-87C7-3349BAE8CF21}.Release|iPhone.ActiveCfg = Release|Any CPU
		{E1CC3E73-C026-4CC6-87C7-3349BAE8CF21}.Release|iPhoneSimulator.ActiveCfg = Release|Any CPU
		{E1CC3E73-C026-4CC6-87C7-3349BAE8CF21}.Release|Mixed Platforms.ActiveCfg = Release|x86
		{E1CC3E73-C026-4CC6-87C7-3349BAE8CF21}.Release|Mixed Platforms.Build.0 = Release|x86
		{E1CC3E73-C026-4CC6-87C7-3349BAE8CF21}.Release|Mixed Platforms.Deploy.0 = Release|x86
		{E1CC3E73-C026-4CC6-87C7-3349BAE8CF21}.Release|x86.ActiveCfg = Release|x86
		{E1CC3E73-C026-4CC6-87C7-3349BAE8CF21}.Release|x86.Build.0 = Release|x86
		{E1CC3E73-C026-4CC6-87C7-3349BAE8CF21}.Release|x86.Deploy.0 = Release|x86
	EndGlobalSection
	GlobalSection(SolutionProperties) = preSolution
		HideSolutionNode = FALSE
	EndGlobalSection
EndGlobal
