
Microsoft Visual Studio Solution File, Format Version 12.00
# Visual Studio 2012
Project("{FAE04EC0-301F-11D3-BF4B-00C04F79EFBC}") = "ListViewExample.Xaml", "ListViewExample.Xaml\ListViewExample.Xaml.csproj", "{162E945E-7FC2-4000-84C5-2633210F810B}"
EndProject
Project("{FAE04EC0-301F-11D3-BF4B-00C04F79EFBC}") = "ListViewExample.Xaml.iOS", "iOS\ListViewExample.Xaml.iOS.csproj", "{AC407495-1584-42CA-B60D-EEB1E31731E2}"
EndProject
Project("{FAE04EC0-301F-11D3-BF4B-00C04F79EFBC}") = "ListViewExample.Xaml.Droid", "Droid\ListViewExample.Xaml.Droid.csproj", "{9481C47B-182F-4E63-857B-131D44E59839}"
EndProject
Global
	GlobalSection(SolutionConfigurationPlatforms) = preSolution
		Debug|Any CPU = Debug|Any CPU
		Release|Any CPU = Release|Any CPU
		Debug|iPhoneSimulator = Debug|iPhoneSimulator
		Release|iPhone = Release|iPhone
		Release|iPhoneSimulator = Release|iPhoneSimulator
		Debug|iPhone = Debug|iPhone
	EndGlobalSection
	GlobalSection(ProjectConfigurationPlatforms) = postSolution
		{162E945E-7FC2-4000-84C5-2633210F810B}.Debug|Any CPU.ActiveCfg = Debug|Any CPU
		{162E945E-7FC2-4000-84C5-2633210F810B}.Debug|Any CPU.Build.0 = Debug|Any CPU
		{162E945E-7FC2-4000-84C5-2633210F810B}.Debug|iPhone.ActiveCfg = Debug|Any CPU
		{162E945E-7FC2-4000-84C5-2633210F810B}.Debug|iPhone.Build.0 = Debug|Any CPU
		{162E945E-7FC2-4000-84C5-2633210F810B}.Debug|iPhoneSimulator.ActiveCfg = Debug|Any CPU
		{162E945E-7FC2-4000-84C5-2633210F810B}.Debug|iPhoneSimulator.Build.0 = Debug|Any CPU
		{162E945E-7FC2-4000-84C5-2633210F810B}.Release|Any CPU.ActiveCfg = Release|Any CPU
		{162E945E-7FC2-4000-84C5-2633210F810B}.Release|Any CPU.Build.0 = Release|Any CPU
		{162E945E-7FC2-4000-84C5-2633210F810B}.Release|iPhone.ActiveCfg = Release|Any CPU
		{162E945E-7FC2-4000-84C5-2633210F810B}.Release|iPhone.Build.0 = Release|Any CPU
		{162E945E-7FC2-4000-84C5-2633210F810B}.Release|iPhoneSimulator.ActiveCfg = Release|Any CPU
		{162E945E-7FC2-4000-84C5-2633210F810B}.Release|iPhoneSimulator.Build.0 = Release|Any CPU
		{9481C47B-182F-4E63-857B-131D44E59839}.Debug|Any CPU.ActiveCfg = Debug|Any CPU
		{9481C47B-182F-4E63-857B-131D44E59839}.Debug|Any CPU.Build.0 = Debug|Any CPU
		{9481C47B-182F-4E63-857B-131D44E59839}.Debug|iPhone.ActiveCfg = Debug|Any CPU
		{9481C47B-182F-4E63-857B-131D44E59839}.Debug|iPhone.Build.0 = Debug|Any CPU
		{9481C47B-182F-4E63-857B-131D44E59839}.Debug|iPhoneSimulator.ActiveCfg = Debug|Any CPU
		{9481C47B-182F-4E63-857B-131D44E59839}.Debug|iPhoneSimulator.Build.0 = Debug|Any CPU
		{9481C47B-182F-4E63-857B-131D44E59839}.Release|Any CPU.ActiveCfg = Release|Any CPU
		{9481C47B-182F-4E63-857B-131D44E59839}.Release|Any CPU.Build.0 = Release|Any CPU
		{9481C47B-182F-4E63-857B-131D44E59839}.Release|iPhone.ActiveCfg = Release|Any CPU
		{9481C47B-182F-4E63-857B-131D44E59839}.Release|iPhone.Build.0 = Release|Any CPU
		{9481C47B-182F-4E63-857B-131D44E59839}.Release|iPhoneSimulator.ActiveCfg = Release|Any CPU
		{9481C47B-182F-4E63-857B-131D44E59839}.Release|iPhoneSimulator.Build.0 = Release|Any CPU
		{AC407495-1584-42CA-B60D-EEB1E31731E2}.Debug|Any CPU.ActiveCfg = Debug|iPhoneSimulator
		{AC407495-1584-42CA-B60D-EEB1E31731E2}.Debug|Any CPU.Build.0 = Debug|iPhoneSimulator
		{AC407495-1584-42CA-B60D-EEB1E31731E2}.Debug|iPhone.ActiveCfg = Debug|iPhone
		{AC407495-1584-42CA-B60D-EEB1E31731E2}.Debug|iPhone.Build.0 = Debug|iPhone
		{AC407495-1584-42CA-B60D-EEB1E31731E2}.Debug|iPhoneSimulator.ActiveCfg = Debug|iPhoneSimulator
		{AC407495-1584-42CA-B60D-EEB1E31731E2}.Debug|iPhoneSimulator.Build.0 = Debug|iPhoneSimulator
		{AC407495-1584-42CA-B60D-EEB1E31731E2}.Release|Any CPU.ActiveCfg = Release|iPhone
		{AC407495-1584-42CA-B60D-EEB1E31731E2}.Release|Any CPU.Build.0 = Release|iPhone
		{AC407495-1584-42CA-B60D-EEB1E31731E2}.Release|iPhone.ActiveCfg = Release|iPhone
		{AC407495-1584-42CA-B60D-EEB1E31731E2}.Release|iPhone.Build.0 = Release|iPhone
		{AC407495-1584-42CA-B60D-EEB1E31731E2}.Release|iPhoneSimulator.ActiveCfg = Release|iPhoneSimulator
		{AC407495-1584-42CA-B60D-EEB1E31731E2}.Release|iPhoneSimulator.Build.0 = Release|iPhoneSimulator
	EndGlobalSection
EndGlobal
