
Microsoft Visual Studio Solution File, Format Version 12.00
# Visual Studio 2012
Project("{FAE04EC0-301F-11D3-BF4B-00C04F79EFBC}") = "DependencyServiceExample", "DependencyServiceExample\DependencyServiceExample\DependencyServiceExample.csproj", "{483937B8-D323-4530-9D83-272BA1B7690A}"
EndProject
Project("{FAE04EC0-301F-11D3-BF4B-00C04F79EFBC}") = "DependencyServiceExample.Droid", "DependencyServiceExample\DependencyServiceExample.Droid\DependencyServiceExample.Droid.csproj", "{F19F5254-0A2A-4798-878F-F006FDB35351}"
EndProject
Project("{FAE04EC0-301F-11D3-BF4B-00C04F79EFBC}") = "DependencyServiceExample.iOS", "DependencyServiceExample\DependencyServiceExample.iOS\DependencyServiceExample.iOS.csproj", "{898D2A14-D2EF-4E87-9ACC-0AE7B31FFEE5}"
EndProject
Project("{FAE04EC0-301F-11D3-BF4B-00C04F79EFBC}") = "DependencyServiceExample.WinPhone", "DependencyServiceExample\DependencyServiceExample.WinPhone\DependencyServiceExample.WinPhone.csproj", "{FBFD860D-1BCD-4647-B144-663A314AFA9A}"
EndProject
Global
	GlobalSection(SolutionConfigurationPlatforms) = preSolution
		Ad-Hoc|Any CPU = Ad-Hoc|Any CPU
		Ad-Hoc|ARM = Ad-Hoc|ARM
		Ad-Hoc|iPhone = Ad-Hoc|iPhone
		Ad-Hoc|iPhoneSimulator = Ad-Hoc|iPhoneSimulator
		Ad-Hoc|Mixed Platforms = Ad-Hoc|Mixed Platforms
		Ad-Hoc|x86 = Ad-Hoc|x86
		AppStore|Any CPU = AppStore|Any CPU
		AppStore|ARM = AppStore|ARM
		AppStore|iPhone = AppStore|iPhone
		AppStore|iPhoneSimulator = AppStore|iPhoneSimulator
		AppStore|Mixed Platforms = AppStore|Mixed Platforms
		AppStore|x86 = AppStore|x86
		Debug|Any CPU = Debug|Any CPU
		Debug|ARM = Debug|ARM
		Debug|iPhone = Debug|iPhone
		Debug|iPhoneSimulator = Debug|iPhoneSimulator
		Debug|Mixed Platforms = Debug|Mixed Platforms
		Debug|x86 = Debug|x86
		Release|Any CPU = Release|Any CPU
		Release|ARM = Release|ARM
		Release|iPhone = Release|iPhone
		Release|iPhoneSimulator = Release|iPhoneSimulator
		Release|Mixed Platforms = Release|Mixed Platforms
		Release|x86 = Release|x86
	EndGlobalSection
	GlobalSection(ProjectConfigurationPlatforms) = postSolution
		{483937B8-D323-4530-9D83-272BA1B7690A}.Ad-Hoc|Any CPU.ActiveCfg = Release|Any CPU
		{483937B8-D323-4530-9D83-272BA1B7690A}.Ad-Hoc|Any CPU.Build.0 = Release|Any CPU
		{483937B8-D323-4530-9D83-272BA1B7690A}.Ad-Hoc|ARM.ActiveCfg = Debug|Any CPU
		{483937B8-D323-4530-9D83-272BA1B7690A}.Ad-Hoc|iPhone.ActiveCfg = Release|Any CPU
		{483937B8-D323-4530-9D83-272BA1B7690A}.Ad-Hoc|iPhoneSimulator.ActiveCfg = Release|Any CPU
		{483937B8-D323-4530-9D83-272BA1B7690A}.Ad-Hoc|Mixed Platforms.ActiveCfg = Release|Any CPU
		{483937B8-D323-4530-9D83-272BA1B7690A}.Ad-Hoc|Mixed Platforms.Build.0 = Release|Any CPU
		{483937B8-D323-4530-9D83-272BA1B7690A}.Ad-Hoc|x86.ActiveCfg = Debug|Any CPU
		{483937B8-D323-4530-9D83-272BA1B7690A}.AppStore|Any CPU.ActiveCfg = Release|Any CPU
		{483937B8-D323-4530-9D83-272BA1B7690A}.AppStore|Any CPU.Build.0 = Release|Any CPU
		{483937B8-D323-4530-9D83-272BA1B7690A}.AppStore|ARM.ActiveCfg = Debug|Any CPU
		{483937B8-D323-4530-9D83-272BA1B7690A}.AppStore|iPhone.ActiveCfg = Release|Any CPU
		{483937B8-D323-4530-9D83-272BA1B7690A}.AppStore|iPhoneSimulator.ActiveCfg = Release|Any CPU
		{483937B8-D323-4530-9D83-272BA1B7690A}.AppStore|Mixed Platforms.ActiveCfg = Release|Any CPU
		{483937B8-D323-4530-9D83-272BA1B7690A}.AppStore|Mixed Platforms.Build.0 = Release|Any CPU
		{483937B8-D323-4530-9D83-272BA1B7690A}.AppStore|x86.ActiveCfg = Debug|Any CPU
		{483937B8-D323-4530-9D83-272BA1B7690A}.Debug|Any CPU.ActiveCfg = Debug|Any CPU
		{483937B8-D323-4530-9D83-272BA1B7690A}.Debug|Any CPU.Build.0 = Debug|Any CPU
		{483937B8-D323-4530-9D83-272BA1B7690A}.Debug|ARM.ActiveCfg = Debug|Any CPU
		{483937B8-D323-4530-9D83-272BA1B7690A}.Debug|iPhone.ActiveCfg = Debug|Any CPU
		{483937B8-D323-4530-9D83-272BA1B7690A}.Debug|iPhoneSimulator.ActiveCfg = Debug|Any CPU
		{483937B8-D323-4530-9D83-272BA1B7690A}.Debug|Mixed Platforms.ActiveCfg = Debug|Any CPU
		{483937B8-D323-4530-9D83-272BA1B7690A}.Debug|Mixed Platforms.Build.0 = Debug|Any CPU
		{483937B8-D323-4530-9D83-272BA1B7690A}.Debug|x86.ActiveCfg = Debug|Any CPU
		{483937B8-D323-4530-9D83-272BA1B7690A}.Release|Any CPU.ActiveCfg = Release|Any CPU
		{483937B8-D323-4530-9D83-272BA1B7690A}.Release|Any CPU.Build.0 = Release|Any CPU
		{483937B8-D323-4530-9D83-272BA1B7690A}.Release|ARM.ActiveCfg = Release|Any CPU
		{483937B8-D323-4530-9D83-272BA1B7690A}.Release|iPhone.ActiveCfg = Release|Any CPU
		{483937B8-D323-4530-9D83-272BA1B7690A}.Release|iPhoneSimulator.ActiveCfg = Release|Any CPU
		{483937B8-D323-4530-9D83-272BA1B7690A}.Release|Mixed Platforms.ActiveCfg = Release|Any CPU
		{483937B8-D323-4530-9D83-272BA1B7690A}.Release|Mixed Platforms.Build.0 = Release|Any CPU
		{483937B8-D323-4530-9D83-272BA1B7690A}.Release|x86.ActiveCfg = Release|Any CPU
		{898D2A14-D2EF-4E87-9ACC-0AE7B31FFEE5}.Ad-Hoc|Any CPU.ActiveCfg = Ad-Hoc|iPhone
		{898D2A14-D2EF-4E87-9ACC-0AE7B31FFEE5}.Ad-Hoc|Any CPU.Build.0 = Ad-Hoc|iPhone
		{898D2A14-D2EF-4E87-9ACC-0AE7B31FFEE5}.Ad-Hoc|ARM.ActiveCfg = Ad-Hoc|iPhoneSimulator
		{898D2A14-D2EF-4E87-9ACC-0AE7B31FFEE5}.Ad-Hoc|iPhone.ActiveCfg = Ad-Hoc|iPhone
		{898D2A14-D2EF-4E87-9ACC-0AE7B31FFEE5}.Ad-Hoc|iPhone.Build.0 = Ad-Hoc|iPhone
		{898D2A14-D2EF-4E87-9ACC-0AE7B31FFEE5}.Ad-Hoc|iPhoneSimulator.ActiveCfg = Debug|iPhoneSimulator
		{898D2A14-D2EF-4E87-9ACC-0AE7B31FFEE5}.Ad-Hoc|iPhoneSimulator.Build.0 = Debug|iPhoneSimulator
		{898D2A14-D2EF-4E87-9ACC-0AE7B31FFEE5}.Ad-Hoc|Mixed Platforms.ActiveCfg = Ad-Hoc|iPhone
		{898D2A14-D2EF-4E87-9ACC-0AE7B31FFEE5}.Ad-Hoc|Mixed Platforms.Build.0 = Ad-Hoc|iPhone
		{898D2A14-D2EF-4E87-9ACC-0AE7B31FFEE5}.Ad-Hoc|x86.ActiveCfg = Ad-Hoc|iPhoneSimulator
		{898D2A14-D2EF-4E87-9ACC-0AE7B31FFEE5}.AppStore|Any CPU.ActiveCfg = AppStore|iPhone
		{898D2A14-D2EF-4E87-9ACC-0AE7B31FFEE5}.AppStore|Any CPU.Build.0 = AppStore|iPhone
		{898D2A14-D2EF-4E87-9ACC-0AE7B31FFEE5}.AppStore|ARM.ActiveCfg = AppStore|iPhoneSimulator
		{898D2A14-D2EF-4E87-9ACC-0AE7B31FFEE5}.AppStore|iPhone.ActiveCfg = AppStore|iPhone
		{898D2A14-D2EF-4E87-9ACC-0AE7B31FFEE5}.AppStore|iPhone.Build.0 = AppStore|iPhone
		{898D2A14-D2EF-4E87-9ACC-0AE7B31FFEE5}.AppStore|iPhoneSimulator.ActiveCfg = Debug|iPhoneSimulator
		{898D2A14-D2EF-4E87-9ACC-0AE7B31FFEE5}.AppStore|iPhoneSimulator.Build.0 = Debug|iPhoneSimulator
		{898D2A14-D2EF-4E87-9ACC-0AE7B31FFEE5}.AppStore|Mixed Platforms.ActiveCfg = AppStore|iPhone
		{898D2A14-D2EF-4E87-9ACC-0AE7B31FFEE5}.AppStore|Mixed Platforms.Build.0 = AppStore|iPhone
		{898D2A14-D2EF-4E87-9ACC-0AE7B31FFEE5}.AppStore|x86.ActiveCfg = AppStore|iPhoneSimulator
		{898D2A14-D2EF-4E87-9ACC-0AE7B31FFEE5}.Debug|Any CPU.ActiveCfg = Debug|iPhoneSimulator
		{898D2A14-D2EF-4E87-9ACC-0AE7B31FFEE5}.Debug|Any CPU.Build.0 = Debug|iPhoneSimulator
		{898D2A14-D2EF-4E87-9ACC-0AE7B31FFEE5}.Debug|ARM.ActiveCfg = Debug|iPhone
		{898D2A14-D2EF-4E87-9ACC-0AE7B31FFEE5}.Debug|iPhone.ActiveCfg = Debug|iPhone
		{898D2A14-D2EF-4E87-9ACC-0AE7B31FFEE5}.Debug|iPhone.Build.0 = Debug|iPhone
		{898D2A14-D2EF-4E87-9ACC-0AE7B31FFEE5}.Debug|iPhoneSimulator.ActiveCfg = Debug|iPhoneSimulator
		{898D2A14-D2EF-4E87-9ACC-0AE7B31FFEE5}.Debug|iPhoneSimulator.Build.0 = Debug|iPhoneSimulator
		{898D2A14-D2EF-4E87-9ACC-0AE7B31FFEE5}.Debug|Mixed Platforms.ActiveCfg = Debug|iPhoneSimulator
		{898D2A14-D2EF-4E87-9ACC-0AE7B31FFEE5}.Debug|Mixed Platforms.Build.0 = Debug|iPhoneSimulator
		{898D2A14-D2EF-4E87-9ACC-0AE7B31FFEE5}.Debug|x86.ActiveCfg = Debug|iPhone
		{898D2A14-D2EF-4E87-9ACC-0AE7B31FFEE5}.Release|Any CPU.ActiveCfg = Release|iPhoneSimulator
		{898D2A14-D2EF-4E87-9ACC-0AE7B31FFEE5}.Release|Any CPU.Build.0 = Release|iPhoneSimulator
		{898D2A14-D2EF-4E87-9ACC-0AE7B31FFEE5}.Release|ARM.ActiveCfg = Release|iPhone
		{898D2A14-D2EF-4E87-9ACC-0AE7B31FFEE5}.Release|iPhone.ActiveCfg = Release|iPhone
		{898D2A14-D2EF-4E87-9ACC-0AE7B31FFEE5}.Release|iPhone.Build.0 = Release|iPhone
		{898D2A14-D2EF-4E87-9ACC-0AE7B31FFEE5}.Release|iPhoneSimulator.ActiveCfg = Release|iPhoneSimulator
		{898D2A14-D2EF-4E87-9ACC-0AE7B31FFEE5}.Release|iPhoneSimulator.Build.0 = Release|iPhoneSimulator
		{898D2A14-D2EF-4E87-9ACC-0AE7B31FFEE5}.Release|Mixed Platforms.ActiveCfg = Release|iPhoneSimulator
		{898D2A14-D2EF-4E87-9ACC-0AE7B31FFEE5}.Release|Mixed Platforms.Build.0 = Release|iPhoneSimulator
		{898D2A14-D2EF-4E87-9ACC-0AE7B31FFEE5}.Release|x86.ActiveCfg = Release|iPhone
		{F19F5254-0A2A-4798-878F-F006FDB35351}.Ad-Hoc|Any CPU.ActiveCfg = Release|Any CPU
		{F19F5254-0A2A-4798-878F-F006FDB35351}.Ad-Hoc|Any CPU.Build.0 = Release|Any CPU
		{F19F5254-0A2A-4798-878F-F006FDB35351}.Ad-Hoc|Any CPU.Deploy.0 = Release|Any CPU
		{F19F5254-0A2A-4798-878F-F006FDB35351}.Ad-Hoc|ARM.ActiveCfg = Debug|Any CPU
		{F19F5254-0A2A-4798-878F-F006FDB35351}.Ad-Hoc|iPhone.ActiveCfg = Release|Any CPU
		{F19F5254-0A2A-4798-878F-F006FDB35351}.Ad-Hoc|iPhoneSimulator.ActiveCfg = Release|Any CPU
		{F19F5254-0A2A-4798-878F-F006FDB35351}.Ad-Hoc|Mixed Platforms.ActiveCfg = Release|Any CPU
		{F19F5254-0A2A-4798-878F-F006FDB35351}.Ad-Hoc|Mixed Platforms.Build.0 = Release|Any CPU
		{F19F5254-0A2A-4798-878F-F006FDB35351}.Ad-Hoc|Mixed Platforms.Deploy.0 = Release|Any CPU
		{F19F5254-0A2A-4798-878F-F006FDB35351}.Ad-Hoc|x86.ActiveCfg = Debug|Any CPU
		{F19F5254-0A2A-4798-878F-F006FDB35351}.AppStore|Any CPU.ActiveCfg = Release|Any CPU
		{F19F5254-0A2A-4798-878F-F006FDB35351}.AppStore|Any CPU.Build.0 = Release|Any CPU
		{F19F5254-0A2A-4798-878F-F006FDB35351}.AppStore|Any CPU.Deploy.0 = Release|Any CPU
		{F19F5254-0A2A-4798-878F-F006FDB35351}.AppStore|ARM.ActiveCfg = Debug|Any CPU
		{F19F5254-0A2A-4798-878F-F006FDB35351}.AppStore|iPhone.ActiveCfg = Release|Any CPU
		{F19F5254-0A2A-4798-878F-F006FDB35351}.AppStore|iPhoneSimulator.ActiveCfg = Release|Any CPU
		{F19F5254-0A2A-4798-878F-F006FDB35351}.AppStore|Mixed Platforms.ActiveCfg = Release|Any CPU
		{F19F5254-0A2A-4798-878F-F006FDB35351}.AppStore|Mixed Platforms.Build.0 = Release|Any CPU
		{F19F5254-0A2A-4798-878F-F006FDB35351}.AppStore|Mixed Platforms.Deploy.0 = Release|Any CPU
		{F19F5254-0A2A-4798-878F-F006FDB35351}.AppStore|x86.ActiveCfg = Debug|Any CPU
		{F19F5254-0A2A-4798-878F-F006FDB35351}.Debug|Any CPU.ActiveCfg = Debug|Any CPU
		{F19F5254-0A2A-4798-878F-F006FDB35351}.Debug|Any CPU.Build.0 = Debug|Any CPU
		{F19F5254-0A2A-4798-878F-F006FDB35351}.Debug|Any CPU.Deploy.0 = Debug|Any CPU
		{F19F5254-0A2A-4798-878F-F006FDB35351}.Debug|ARM.ActiveCfg = Debug|Any CPU
		{F19F5254-0A2A-4798-878F-F006FDB35351}.Debug|iPhone.ActiveCfg = Debug|Any CPU
		{F19F5254-0A2A-4798-878F-F006FDB35351}.Debug|iPhoneSimulator.ActiveCfg = Debug|Any CPU
		{F19F5254-0A2A-4798-878F-F006FDB35351}.Debug|Mixed Platforms.ActiveCfg = Debug|Any CPU
		{F19F5254-0A2A-4798-878F-F006FDB35351}.Debug|Mixed Platforms.Build.0 = Debug|Any CPU
		{F19F5254-0A2A-4798-878F-F006FDB35351}.Debug|Mixed Platforms.Deploy.0 = Debug|Any CPU
		{F19F5254-0A2A-4798-878F-F006FDB35351}.Debug|x86.ActiveCfg = Debug|Any CPU
		{F19F5254-0A2A-4798-878F-F006FDB35351}.Release|Any CPU.ActiveCfg = Release|Any CPU
		{F19F5254-0A2A-4798-878F-F006FDB35351}.Release|Any CPU.Build.0 = Release|Any CPU
		{F19F5254-0A2A-4798-878F-F006FDB35351}.Release|Any CPU.Deploy.0 = Release|Any CPU
		{F19F5254-0A2A-4798-878F-F006FDB35351}.Release|ARM.ActiveCfg = Release|Any CPU
		{F19F5254-0A2A-4798-878F-F006FDB35351}.Release|iPhone.ActiveCfg = Release|Any CPU
		{F19F5254-0A2A-4798-878F-F006FDB35351}.Release|iPhoneSimulator.ActiveCfg = Release|Any CPU
		{F19F5254-0A2A-4798-878F-F006FDB35351}.Release|Mixed Platforms.ActiveCfg = Release|Any CPU
		{F19F5254-0A2A-4798-878F-F006FDB35351}.Release|Mixed Platforms.Build.0 = Release|Any CPU
		{F19F5254-0A2A-4798-878F-F006FDB35351}.Release|Mixed Platforms.Deploy.0 = Release|Any CPU
		{F19F5254-0A2A-4798-878F-F006FDB35351}.Release|x86.ActiveCfg = Release|Any CPU
		{FBFD860D-1BCD-4647-B144-663A314AFA9A}.Ad-Hoc|Any CPU.ActiveCfg = Release|Any CPU
		{FBFD860D-1BCD-4647-B144-663A314AFA9A}.Ad-Hoc|Any CPU.Build.0 = Release|Any CPU
		{FBFD860D-1BCD-4647-B144-663A314AFA9A}.Ad-Hoc|Any CPU.Deploy.0 = Release|Any CPU
		{FBFD860D-1BCD-4647-B144-663A314AFA9A}.Ad-Hoc|ARM.ActiveCfg = Release|ARM
		{FBFD860D-1BCD-4647-B144-663A314AFA9A}.Ad-Hoc|ARM.Build.0 = Release|ARM
		{FBFD860D-1BCD-4647-B144-663A314AFA9A}.Ad-Hoc|ARM.Deploy.0 = Release|ARM
		{FBFD860D-1BCD-4647-B144-663A314AFA9A}.Ad-Hoc|iPhone.ActiveCfg = Release|Any CPU
		{FBFD860D-1BCD-4647-B144-663A314AFA9A}.Ad-Hoc|iPhoneSimulator.ActiveCfg = Release|Any CPU
		{FBFD860D-1BCD-4647-B144-663A314AFA9A}.Ad-Hoc|Mixed Platforms.ActiveCfg = Release|x86
		{FBFD860D-1BCD-4647-B144-663A314AFA9A}.Ad-Hoc|Mixed Platforms.Build.0 = Release|x86
		{FBFD860D-1BCD-4647-B144-663A314AFA9A}.Ad-Hoc|Mixed Platforms.Deploy.0 = Release|x86
		{FBFD860D-1BCD-4647-B144-663A314AFA9A}.Ad-Hoc|x86.ActiveCfg = Release|x86
		{FBFD860D-1BCD-4647-B144-663A314AFA9A}.Ad-Hoc|x86.Build.0 = Release|x86
		{FBFD860D-1BCD-4647-B144-663A314AFA9A}.Ad-Hoc|x86.Deploy.0 = Release|x86
		{FBFD860D-1BCD-4647-B144-663A314AFA9A}.AppStore|Any CPU.ActiveCfg = Release|Any CPU
		{FBFD860D-1BCD-4647-B144-663A314AFA9A}.AppStore|Any CPU.Build.0 = Release|Any CPU
		{FBFD860D-1BCD-4647-B144-663A314AFA9A}.AppStore|Any CPU.Deploy.0 = Release|Any CPU
		{FBFD860D-1BCD-4647-B144-663A314AFA9A}.AppStore|ARM.ActiveCfg = Release|ARM
		{FBFD860D-1BCD-4647-B144-663A314AFA9A}.AppStore|ARM.Build.0 = Release|ARM
		{FBFD860D-1BCD-4647-B144-663A314AFA9A}.AppStore|ARM.Deploy.0 = Release|ARM
		{FBFD860D-1BCD-4647-B144-663A314AFA9A}.AppStore|iPhone.ActiveCfg = Release|Any CPU
		{FBFD860D-1BCD-4647-B144-663A314AFA9A}.AppStore|iPhoneSimulator.ActiveCfg = Release|Any CPU
		{FBFD860D-1BCD-4647-B144-663A314AFA9A}.AppStore|Mixed Platforms.ActiveCfg = Release|x86
		{FBFD860D-1BCD-4647-B144-663A314AFA9A}.AppStore|Mixed Platforms.Build.0 = Release|x86
		{FBFD860D-1BCD-4647-B144-663A314AFA9A}.AppStore|Mixed Platforms.Deploy.0 = Release|x86
		{FBFD860D-1BCD-4647-B144-663A314AFA9A}.AppStore|x86.ActiveCfg = Release|x86
		{FBFD860D-1BCD-4647-B144-663A314AFA9A}.AppStore|x86.Build.0 = Release|x86
		{FBFD860D-1BCD-4647-B144-663A314AFA9A}.AppStore|x86.Deploy.0 = Release|x86
		{FBFD860D-1BCD-4647-B144-663A314AFA9A}.Debug|Any CPU.ActiveCfg = Debug|Any CPU
		{FBFD860D-1BCD-4647-B144-663A314AFA9A}.Debug|Any CPU.Build.0 = Debug|Any CPU
		{FBFD860D-1BCD-4647-B144-663A314AFA9A}.Debug|Any CPU.Deploy.0 = Debug|Any CPU
		{FBFD860D-1BCD-4647-B144-663A314AFA9A}.Debug|ARM.ActiveCfg = Debug|ARM
		{FBFD860D-1BCD-4647-B144-663A314AFA9A}.Debug|ARM.Build.0 = Debug|ARM
		{FBFD860D-1BCD-4647-B144-663A314AFA9A}.Debug|ARM.Deploy.0 = Debug|ARM
		{FBFD860D-1BCD-4647-B144-663A314AFA9A}.Debug|iPhone.ActiveCfg = Debug|Any CPU
		{FBFD860D-1BCD-4647-B144-663A314AFA9A}.Debug|iPhoneSimulator.ActiveCfg = Debug|Any CPU
		{FBFD860D-1BCD-4647-B144-663A314AFA9A}.Debug|Mixed Platforms.ActiveCfg = Debug|x86
		{FBFD860D-1BCD-4647-B144-663A314AFA9A}.Debug|Mixed Platforms.Build.0 = Debug|x86
		{FBFD860D-1BCD-4647-B144-663A314AFA9A}.Debug|Mixed Platforms.Deploy.0 = Debug|x86
		{FBFD860D-1BCD-4647-B144-663A314AFA9A}.Debug|x86.ActiveCfg = Debug|x86
		{FBFD860D-1BCD-4647-B144-663A314AFA9A}.Debug|x86.Build.0 = Debug|x86
		{FBFD860D-1BCD-4647-B144-663A314AFA9A}.Debug|x86.Deploy.0 = Debug|x86
		{FBFD860D-1BCD-4647-B144-663A314AFA9A}.Release|Any CPU.ActiveCfg = Release|Any CPU
		{FBFD860D-1BCD-4647-B144-663A314AFA9A}.Release|Any CPU.Build.0 = Release|Any CPU
		{FBFD860D-1BCD-4647-B144-663A314AFA9A}.Release|Any CPU.Deploy.0 = Release|Any CPU
		{FBFD860D-1BCD-4647-B144-663A314AFA9A}.Release|ARM.ActiveCfg = Release|ARM
		{FBFD860D-1BCD-4647-B144-663A314AFA9A}.Release|ARM.Build.0 = Release|ARM
		{FBFD860D-1BCD-4647-B144-663A314AFA9A}.Release|ARM.Deploy.0 = Release|ARM
		{FBFD860D-1BCD-4647-B144-663A314AFA9A}.Release|iPhone.ActiveCfg = Release|Any CPU
		{FBFD860D-1BCD-4647-B144-663A314AFA9A}.Release|iPhoneSimulator.ActiveCfg = Release|Any CPU
		{FBFD860D-1BCD-4647-B144-663A314AFA9A}.Release|Mixed Platforms.ActiveCfg = Release|x86
		{FBFD860D-1BCD-4647-B144-663A314AFA9A}.Release|Mixed Platforms.Build.0 = Release|x86
		{FBFD860D-1BCD-4647-B144-663A314AFA9A}.Release|Mixed Platforms.Deploy.0 = Release|x86
		{FBFD860D-1BCD-4647-B144-663A314AFA9A}.Release|x86.ActiveCfg = Release|x86
		{FBFD860D-1BCD-4647-B144-663A314AFA9A}.Release|x86.Build.0 = Release|x86
		{FBFD860D-1BCD-4647-B144-663A314AFA9A}.Release|x86.Deploy.0 = Release|x86
	EndGlobalSection
	GlobalSection(SolutionProperties) = preSolution
		HideSolutionNode = FALSE
	EndGlobalSection
EndGlobal
