
Microsoft Visual Studio Solution File, Format Version 12.00
# Visual Studio 2012
Project("{FAE04EC0-301F-11D3-BF4B-00C04F79EFBC}") = "LayoutExample", "LayoutExample\LayoutExample.csproj", "{8831F20F-BE83-49DB-BC9F-BD68D5B55476}"
EndProject
Project("{FAE04EC0-301F-11D3-BF4B-00C04F79EFBC}") = "LayoutExample.Android", "Android\LayoutExample.Android.csproj", "{FFCA008A-7858-4ADA-AD5A-8F590B8372A6}"
EndProject
Project("{FAE04EC0-301F-11D3-BF4B-00C04F79EFBC}") = "LayoutExample.iOS", "LayoutExample.iOS\LayoutExample.iOS.csproj", "{9AD70F10-2854-4C42-94A5-1F383B64C4C5}"
EndProject
Project("{2150E333-8FDC-42A3-9474-1A3956D46DE8}") = "Solution Items", "Solution Items", "{9967DF05-CF5E-420F-9B02-EFF41E0E1593}"
	ProjectSection(SolutionItems) = preProject
		LayoutExample.sln = LayoutExample.sln
	EndProjectSection
EndProject
Project("{FAE04EC0-301F-11D3-BF4B-00C04F79EFBC}") = "LayoutExample.WinPhone", "WinPhone\LayoutExample.WinPhone.csproj", "{13B48BE5-67A4-431C-92FD-7CC9719336C2}"
EndProject
Global
	GlobalSection(SolutionConfigurationPlatforms) = preSolution
		Ad-Hoc|Any CPU = Ad-Hoc|Any CPU
		Ad-Hoc|ARM = Ad-Hoc|ARM
		Ad-Hoc|iPhone = Ad-Hoc|iPhone
		Ad-Hoc|iPhoneSimulator = Ad-Hoc|iPhoneSimulator
		Ad-Hoc|Mixed Platforms = Ad-Hoc|Mixed Platforms
		Ad-Hoc|x86 = Ad-Hoc|x86
		AppStore|Any CPU = AppStore|Any CPU
		AppStore|ARM = AppStore|ARM
		AppStore|iPhone = AppStore|iPhone
		AppStore|iPhoneSimulator = AppStore|iPhoneSimulator
		AppStore|Mixed Platforms = AppStore|Mixed Platforms
		AppStore|x86 = AppStore|x86
		Debug|Any CPU = Debug|Any CPU
		Debug|ARM = Debug|ARM
		Debug|iPhone = Debug|iPhone
		Debug|iPhoneSimulator = Debug|iPhoneSimulator
		Debug|Mixed Platforms = Debug|Mixed Platforms
		Debug|x86 = Debug|x86
		Release|Any CPU = Release|Any CPU
		Release|ARM = Release|ARM
		Release|iPhone = Release|iPhone
		Release|iPhoneSimulator = Release|iPhoneSimulator
		Release|Mixed Platforms = Release|Mixed Platforms
		Release|x86 = Release|x86
	EndGlobalSection
	GlobalSection(ProjectConfigurationPlatforms) = postSolution
		{8831F20F-BE83-49DB-BC9F-BD68D5B55476}.Ad-Hoc|Any CPU.ActiveCfg = Release|Any CPU
		{8831F20F-BE83-49DB-BC9F-BD68D5B55476}.Ad-Hoc|ARM.ActiveCfg = Release|Any CPU
		{8831F20F-BE83-49DB-BC9F-BD68D5B55476}.Ad-Hoc|iPhone.ActiveCfg = Debug|Any CPU
		{8831F20F-BE83-49DB-BC9F-BD68D5B55476}.Ad-Hoc|iPhone.Build.0 = Debug|Any CPU
		{8831F20F-BE83-49DB-BC9F-BD68D5B55476}.Ad-Hoc|iPhoneSimulator.ActiveCfg = Release|Any CPU
		{8831F20F-BE83-49DB-BC9F-BD68D5B55476}.Ad-Hoc|Mixed Platforms.ActiveCfg = Release|Any CPU
		{8831F20F-BE83-49DB-BC9F-BD68D5B55476}.Ad-Hoc|Mixed Platforms.Build.0 = Release|Any CPU
		{8831F20F-BE83-49DB-BC9F-BD68D5B55476}.Ad-Hoc|x86.ActiveCfg = Release|Any CPU
		{8831F20F-BE83-49DB-BC9F-BD68D5B55476}.AppStore|Any CPU.ActiveCfg = Release|Any CPU
		{8831F20F-BE83-49DB-BC9F-BD68D5B55476}.AppStore|ARM.ActiveCfg = Release|Any CPU
		{8831F20F-BE83-49DB-BC9F-BD68D5B55476}.AppStore|iPhone.ActiveCfg = Debug|Any CPU
		{8831F20F-BE83-49DB-BC9F-BD68D5B55476}.AppStore|iPhone.Build.0 = Debug|Any CPU
		{8831F20F-BE83-49DB-BC9F-BD68D5B55476}.AppStore|iPhoneSimulator.ActiveCfg = Release|Any CPU
		{8831F20F-BE83-49DB-BC9F-BD68D5B55476}.AppStore|Mixed Platforms.ActiveCfg = Release|Any CPU
		{8831F20F-BE83-49DB-BC9F-BD68D5B55476}.AppStore|Mixed Platforms.Build.0 = Release|Any CPU
		{8831F20F-BE83-49DB-BC9F-BD68D5B55476}.AppStore|x86.ActiveCfg = Release|Any CPU
		{8831F20F-BE83-49DB-BC9F-BD68D5B55476}.Debug|Any CPU.ActiveCfg = Debug|Any CPU
		{8831F20F-BE83-49DB-BC9F-BD68D5B55476}.Debug|Any CPU.Build.0 = Debug|Any CPU
		{8831F20F-BE83-49DB-BC9F-BD68D5B55476}.Debug|ARM.ActiveCfg = Debug|Any CPU
		{8831F20F-BE83-49DB-BC9F-BD68D5B55476}.Debug|iPhone.ActiveCfg = Debug|Any CPU
		{8831F20F-BE83-49DB-BC9F-BD68D5B55476}.Debug|iPhone.Build.0 = Debug|Any CPU
		{8831F20F-BE83-49DB-BC9F-BD68D5B55476}.Debug|iPhoneSimulator.ActiveCfg = Debug|Any CPU
		{8831F20F-BE83-49DB-BC9F-BD68D5B55476}.Debug|iPhoneSimulator.Build.0 = Debug|Any CPU
		{8831F20F-BE83-49DB-BC9F-BD68D5B55476}.Debug|Mixed Platforms.ActiveCfg = Debug|Any CPU
		{8831F20F-BE83-49DB-BC9F-BD68D5B55476}.Debug|Mixed Platforms.Build.0 = Debug|Any CPU
		{8831F20F-BE83-49DB-BC9F-BD68D5B55476}.Debug|x86.ActiveCfg = Debug|Any CPU
		{8831F20F-BE83-49DB-BC9F-BD68D5B55476}.Release|Any CPU.ActiveCfg = Release|Any CPU
		{8831F20F-BE83-49DB-BC9F-BD68D5B55476}.Release|Any CPU.Build.0 = Release|Any CPU
		{8831F20F-BE83-49DB-BC9F-BD68D5B55476}.Release|ARM.ActiveCfg = Release|Any CPU
		{8831F20F-BE83-49DB-BC9F-BD68D5B55476}.Release|iPhone.ActiveCfg = Release|Any CPU
		{8831F20F-BE83-49DB-BC9F-BD68D5B55476}.Release|iPhone.Build.0 = Release|Any CPU
		{8831F20F-BE83-49DB-BC9F-BD68D5B55476}.Release|iPhoneSimulator.ActiveCfg = Release|Any CPU
		{8831F20F-BE83-49DB-BC9F-BD68D5B55476}.Release|iPhoneSimulator.Build.0 = Release|Any CPU
		{8831F20F-BE83-49DB-BC9F-BD68D5B55476}.Release|Mixed Platforms.ActiveCfg = Release|Any CPU
		{8831F20F-BE83-49DB-BC9F-BD68D5B55476}.Release|Mixed Platforms.Build.0 = Release|Any CPU
		{8831F20F-BE83-49DB-BC9F-BD68D5B55476}.Release|x86.ActiveCfg = Release|Any CPU
		{FFCA008A-7858-4ADA-AD5A-8F590B8372A6}.Ad-Hoc|Any CPU.ActiveCfg = Release|Any CPU
		{FFCA008A-7858-4ADA-AD5A-8F590B8372A6}.Ad-Hoc|ARM.ActiveCfg = Release|Any CPU
		{FFCA008A-7858-4ADA-AD5A-8F590B8372A6}.Ad-Hoc|iPhone.ActiveCfg = Debug|Any CPU
		{FFCA008A-7858-4ADA-AD5A-8F590B8372A6}.Ad-Hoc|iPhone.Build.0 = Debug|Any CPU
		{FFCA008A-7858-4ADA-AD5A-8F590B8372A6}.Ad-Hoc|iPhoneSimulator.ActiveCfg = Release|Any CPU
		{FFCA008A-7858-4ADA-AD5A-8F590B8372A6}.Ad-Hoc|Mixed Platforms.ActiveCfg = Release|Any CPU
		{FFCA008A-7858-4ADA-AD5A-8F590B8372A6}.Ad-Hoc|Mixed Platforms.Build.0 = Release|Any CPU
		{FFCA008A-7858-4ADA-AD5A-8F590B8372A6}.Ad-Hoc|Mixed Platforms.Deploy.0 = Release|Any CPU
		{FFCA008A-7858-4ADA-AD5A-8F590B8372A6}.Ad-Hoc|x86.ActiveCfg = Release|Any CPU
		{FFCA008A-7858-4ADA-AD5A-8F590B8372A6}.AppStore|Any CPU.ActiveCfg = Release|Any CPU
		{FFCA008A-7858-4ADA-AD5A-8F590B8372A6}.AppStore|ARM.ActiveCfg = Release|Any CPU
		{FFCA008A-7858-4ADA-AD5A-8F590B8372A6}.AppStore|iPhone.ActiveCfg = Debug|Any CPU
		{FFCA008A-7858-4ADA-AD5A-8F590B8372A6}.AppStore|iPhone.Build.0 = Debug|Any CPU
		{FFCA008A-7858-4ADA-AD5A-8F590B8372A6}.AppStore|iPhoneSimulator.ActiveCfg = Release|Any CPU
		{FFCA008A-7858-4ADA-AD5A-8F590B8372A6}.AppStore|Mixed Platforms.ActiveCfg = Release|Any CPU
		{FFCA008A-7858-4ADA-AD5A-8F590B8372A6}.AppStore|Mixed Platforms.Build.0 = Release|Any CPU
		{FFCA008A-7858-4ADA-AD5A-8F590B8372A6}.AppStore|Mixed Platforms.Deploy.0 = Release|Any CPU
		{FFCA008A-7858-4ADA-AD5A-8F590B8372A6}.AppStore|x86.ActiveCfg = Release|Any CPU
		{FFCA008A-7858-4ADA-AD5A-8F590B8372A6}.Debug|Any CPU.ActiveCfg = Debug|Any CPU
		{FFCA008A-7858-4ADA-AD5A-8F590B8372A6}.Debug|Any CPU.Build.0 = Debug|Any CPU
		{FFCA008A-7858-4ADA-AD5A-8F590B8372A6}.Debug|Any CPU.Deploy.0 = Debug|Any CPU
		{FFCA008A-7858-4ADA-AD5A-8F590B8372A6}.Debug|ARM.ActiveCfg = Debug|Any CPU
		{FFCA008A-7858-4ADA-AD5A-8F590B8372A6}.Debug|iPhone.ActiveCfg = Debug|Any CPU
		{FFCA008A-7858-4ADA-AD5A-8F590B8372A6}.Debug|iPhone.Build.0 = Debug|Any CPU
		{FFCA008A-7858-4ADA-AD5A-8F590B8372A6}.Debug|iPhoneSimulator.ActiveCfg = Debug|Any CPU
		{FFCA008A-7858-4ADA-AD5A-8F590B8372A6}.Debug|iPhoneSimulator.Build.0 = Debug|Any CPU
		{FFCA008A-7858-4ADA-AD5A-8F590B8372A6}.Debug|Mixed Platforms.ActiveCfg = Debug|Any CPU
		{FFCA008A-7858-4ADA-AD5A-8F590B8372A6}.Debug|Mixed Platforms.Build.0 = Debug|Any CPU
		{FFCA008A-7858-4ADA-AD5A-8F590B8372A6}.Debug|Mixed Platforms.Deploy.0 = Debug|Any CPU
		{FFCA008A-7858-4ADA-AD5A-8F590B8372A6}.Debug|x86.ActiveCfg = Debug|Any CPU
		{FFCA008A-7858-4ADA-AD5A-8F590B8372A6}.Release|Any CPU.ActiveCfg = Release|Any CPU
		{FFCA008A-7858-4ADA-AD5A-8F590B8372A6}.Release|Any CPU.Build.0 = Release|Any CPU
		{FFCA008A-7858-4ADA-AD5A-8F590B8372A6}.Release|ARM.ActiveCfg = Release|Any CPU
		{FFCA008A-7858-4ADA-AD5A-8F590B8372A6}.Release|iPhone.ActiveCfg = Release|Any CPU
		{FFCA008A-7858-4ADA-AD5A-8F590B8372A6}.Release|iPhone.Build.0 = Release|Any CPU
		{FFCA008A-7858-4ADA-AD5A-8F590B8372A6}.Release|iPhoneSimulator.ActiveCfg = Release|Any CPU
		{FFCA008A-7858-4ADA-AD5A-8F590B8372A6}.Release|iPhoneSimulator.Build.0 = Release|Any CPU
		{FFCA008A-7858-4ADA-AD5A-8F590B8372A6}.Release|Mixed Platforms.ActiveCfg = Release|Any CPU
		{FFCA008A-7858-4ADA-AD5A-8F590B8372A6}.Release|Mixed Platforms.Build.0 = Release|Any CPU
		{FFCA008A-7858-4ADA-AD5A-8F590B8372A6}.Release|Mixed Platforms.Deploy.0 = Release|Any CPU
		{FFCA008A-7858-4ADA-AD5A-8F590B8372A6}.Release|x86.ActiveCfg = Release|Any CPU
		{9AD70F10-2854-4C42-94A5-1F383B64C4C5}.Ad-Hoc|Any CPU.ActiveCfg = Ad-Hoc|iPhone
		{9AD70F10-2854-4C42-94A5-1F383B64C4C5}.Ad-Hoc|ARM.ActiveCfg = Ad-Hoc|iPhoneSimulator
		{9AD70F10-2854-4C42-94A5-1F383B64C4C5}.Ad-Hoc|iPhone.ActiveCfg = Ad-Hoc|iPhone
		{9AD70F10-2854-4C42-94A5-1F383B64C4C5}.Ad-Hoc|iPhone.Build.0 = Ad-Hoc|iPhone
		{9AD70F10-2854-4C42-94A5-1F383B64C4C5}.Ad-Hoc|iPhoneSimulator.ActiveCfg = Ad-Hoc|iPhone
		{9AD70F10-2854-4C42-94A5-1F383B64C4C5}.Ad-Hoc|Mixed Platforms.ActiveCfg = Ad-Hoc|iPhoneSimulator
		{9AD70F10-2854-4C42-94A5-1F383B64C4C5}.Ad-Hoc|Mixed Platforms.Build.0 = Ad-Hoc|iPhoneSimulator
		{9AD70F10-2854-4C42-94A5-1F383B64C4C5}.Ad-Hoc|x86.ActiveCfg = Ad-Hoc|iPhoneSimulator
		{9AD70F10-2854-4C42-94A5-1F383B64C4C5}.AppStore|Any CPU.ActiveCfg = AppStore|iPhone
		{9AD70F10-2854-4C42-94A5-1F383B64C4C5}.AppStore|ARM.ActiveCfg = AppStore|iPhoneSimulator
		{9AD70F10-2854-4C42-94A5-1F383B64C4C5}.AppStore|iPhone.ActiveCfg = AppStore|iPhone
		{9AD70F10-2854-4C42-94A5-1F383B64C4C5}.AppStore|iPhone.Build.0 = AppStore|iPhone
		{9AD70F10-2854-4C42-94A5-1F383B64C4C5}.AppStore|iPhoneSimulator.ActiveCfg = AppStore|iPhone
		{9AD70F10-2854-4C42-94A5-1F383B64C4C5}.AppStore|Mixed Platforms.ActiveCfg = AppStore|iPhoneSimulator
		{9AD70F10-2854-4C42-94A5-1F383B64C4C5}.AppStore|Mixed Platforms.Build.0 = AppStore|iPhoneSimulator
		{9AD70F10-2854-4C42-94A5-1F383B64C4C5}.AppStore|x86.ActiveCfg = AppStore|iPhoneSimulator
		{9AD70F10-2854-4C42-94A5-1F383B64C4C5}.Debug|Any CPU.ActiveCfg = Debug|iPhoneSimulator
		{9AD70F10-2854-4C42-94A5-1F383B64C4C5}.Debug|Any CPU.Build.0 = Debug|iPhoneSimulator
		{9AD70F10-2854-4C42-94A5-1F383B64C4C5}.Debug|ARM.ActiveCfg = Debug|iPhone
		{9AD70F10-2854-4C42-94A5-1F383B64C4C5}.Debug|iPhone.ActiveCfg = Debug|iPhone
		{9AD70F10-2854-4C42-94A5-1F383B64C4C5}.Debug|iPhone.Build.0 = Debug|iPhone
		{9AD70F10-2854-4C42-94A5-1F383B64C4C5}.Debug|iPhoneSimulator.ActiveCfg = Debug|iPhoneSimulator
		{9AD70F10-2854-4C42-94A5-1F383B64C4C5}.Debug|iPhoneSimulator.Build.0 = Debug|iPhoneSimulator
		{9AD70F10-2854-4C42-94A5-1F383B64C4C5}.Debug|Mixed Platforms.ActiveCfg = Debug|iPhone
		{9AD70F10-2854-4C42-94A5-1F383B64C4C5}.Debug|Mixed Platforms.Build.0 = Debug|iPhone
		{9AD70F10-2854-4C42-94A5-1F383B64C4C5}.Debug|x86.ActiveCfg = Debug|iPhone
		{9AD70F10-2854-4C42-94A5-1F383B64C4C5}.Release|Any CPU.ActiveCfg = Release|iPhoneSimulator
		{9AD70F10-2854-4C42-94A5-1F383B64C4C5}.Release|Any CPU.Build.0 = Release|iPhoneSimulator
		{9AD70F10-2854-4C42-94A5-1F383B64C4C5}.Release|ARM.ActiveCfg = Release|iPhone
		{9AD70F10-2854-4C42-94A5-1F383B64C4C5}.Release|iPhone.ActiveCfg = Release|iPhone
		{9AD70F10-2854-4C42-94A5-1F383B64C4C5}.Release|iPhone.Build.0 = Release|iPhone
		{9AD70F10-2854-4C42-94A5-1F383B64C4C5}.Release|iPhoneSimulator.ActiveCfg = Release|iPhoneSimulator
		{9AD70F10-2854-4C42-94A5-1F383B64C4C5}.Release|iPhoneSimulator.Build.0 = Release|iPhoneSimulator
		{9AD70F10-2854-4C42-94A5-1F383B64C4C5}.Release|Mixed Platforms.ActiveCfg = Release|iPhone
		{9AD70F10-2854-4C42-94A5-1F383B64C4C5}.Release|Mixed Platforms.Build.0 = Release|iPhone
		{9AD70F10-2854-4C42-94A5-1F383B64C4C5}.Release|x86.ActiveCfg = Release|iPhone
		{13B48BE5-67A4-431C-92FD-7CC9719336C2}.Ad-Hoc|Any CPU.ActiveCfg = Release|Any CPU
		{13B48BE5-67A4-431C-92FD-7CC9719336C2}.Ad-Hoc|Any CPU.Build.0 = Release|Any CPU
		{13B48BE5-67A4-431C-92FD-7CC9719336C2}.Ad-Hoc|Any CPU.Deploy.0 = Release|Any CPU
		{13B48BE5-67A4-431C-92FD-7CC9719336C2}.Ad-Hoc|ARM.ActiveCfg = Release|ARM
		{13B48BE5-67A4-431C-92FD-7CC9719336C2}.Ad-Hoc|ARM.Build.0 = Release|ARM
		{13B48BE5-67A4-431C-92FD-7CC9719336C2}.Ad-Hoc|ARM.Deploy.0 = Release|ARM
		{13B48BE5-67A4-431C-92FD-7CC9719336C2}.Ad-Hoc|iPhone.ActiveCfg = Release|Any CPU
		{13B48BE5-67A4-431C-92FD-7CC9719336C2}.Ad-Hoc|iPhoneSimulator.ActiveCfg = Release|Any CPU
		{13B48BE5-67A4-431C-92FD-7CC9719336C2}.Ad-Hoc|Mixed Platforms.ActiveCfg = Release|x86
		{13B48BE5-67A4-431C-92FD-7CC9719336C2}.Ad-Hoc|Mixed Platforms.Build.0 = Release|x86
		{13B48BE5-67A4-431C-92FD-7CC9719336C2}.Ad-Hoc|Mixed Platforms.Deploy.0 = Release|x86
		{13B48BE5-67A4-431C-92FD-7CC9719336C2}.Ad-Hoc|x86.ActiveCfg = Release|x86
		{13B48BE5-67A4-431C-92FD-7CC9719336C2}.Ad-Hoc|x86.Build.0 = Release|x86
		{13B48BE5-67A4-431C-92FD-7CC9719336C2}.Ad-Hoc|x86.Deploy.0 = Release|x86
		{13B48BE5-67A4-431C-92FD-7CC9719336C2}.AppStore|Any CPU.ActiveCfg = Release|Any CPU
		{13B48BE5-67A4-431C-92FD-7CC9719336C2}.AppStore|Any CPU.Build.0 = Release|Any CPU
		{13B48BE5-67A4-431C-92FD-7CC9719336C2}.AppStore|Any CPU.Deploy.0 = Release|Any CPU
		{13B48BE5-67A4-431C-92FD-7CC9719336C2}.AppStore|ARM.ActiveCfg = Release|ARM
		{13B48BE5-67A4-431C-92FD-7CC9719336C2}.AppStore|ARM.Build.0 = Release|ARM
		{13B48BE5-67A4-431C-92FD-7CC9719336C2}.AppStore|ARM.Deploy.0 = Release|ARM
		{13B48BE5-67A4-431C-92FD-7CC9719336C2}.AppStore|iPhone.ActiveCfg = Release|Any CPU
		{13B48BE5-67A4-431C-92FD-7CC9719336C2}.AppStore|iPhoneSimulator.ActiveCfg = Release|Any CPU
		{13B48BE5-67A4-431C-92FD-7CC9719336C2}.AppStore|Mixed Platforms.ActiveCfg = Release|x86
		{13B48BE5-67A4-431C-92FD-7CC9719336C2}.AppStore|Mixed Platforms.Build.0 = Release|x86
		{13B48BE5-67A4-431C-92FD-7CC9719336C2}.AppStore|Mixed Platforms.Deploy.0 = Release|x86
		{13B48BE5-67A4-431C-92FD-7CC9719336C2}.AppStore|x86.ActiveCfg = Release|x86
		{13B48BE5-67A4-431C-92FD-7CC9719336C2}.AppStore|x86.Build.0 = Release|x86
		{13B48BE5-67A4-431C-92FD-7CC9719336C2}.AppStore|x86.Deploy.0 = Release|x86
		{13B48BE5-67A4-431C-92FD-7CC9719336C2}.Debug|Any CPU.ActiveCfg = Debug|Any CPU
		{13B48BE5-67A4-431C-92FD-7CC9719336C2}.Debug|Any CPU.Build.0 = Debug|Any CPU
		{13B48BE5-67A4-431C-92FD-7CC9719336C2}.Debug|Any CPU.Deploy.0 = Debug|Any CPU
		{13B48BE5-67A4-431C-92FD-7CC9719336C2}.Debug|ARM.ActiveCfg = Debug|ARM
		{13B48BE5-67A4-431C-92FD-7CC9719336C2}.Debug|ARM.Build.0 = Debug|ARM
		{13B48BE5-67A4-431C-92FD-7CC9719336C2}.Debug|ARM.Deploy.0 = Debug|ARM
		{13B48BE5-67A4-431C-92FD-7CC9719336C2}.Debug|iPhone.ActiveCfg = Debug|Any CPU
		{13B48BE5-67A4-431C-92FD-7CC9719336C2}.Debug|iPhoneSimulator.ActiveCfg = Debug|Any CPU
		{13B48BE5-67A4-431C-92FD-7CC9719336C2}.Debug|Mixed Platforms.ActiveCfg = Debug|x86
		{13B48BE5-67A4-431C-92FD-7CC9719336C2}.Debug|Mixed Platforms.Build.0 = Debug|x86
		{13B48BE5-67A4-431C-92FD-7CC9719336C2}.Debug|Mixed Platforms.Deploy.0 = Debug|x86
		{13B48BE5-67A4-431C-92FD-7CC9719336C2}.Debug|x86.ActiveCfg = Debug|x86
		{13B48BE5-67A4-431C-92FD-7CC9719336C2}.Debug|x86.Build.0 = Debug|x86
		{13B48BE5-67A4-431C-92FD-7CC9719336C2}.Debug|x86.Deploy.0 = Debug|x86
		{13B48BE5-67A4-431C-92FD-7CC9719336C2}.Release|Any CPU.ActiveCfg = Release|Any CPU
		{13B48BE5-67A4-431C-92FD-7CC9719336C2}.Release|Any CPU.Build.0 = Release|Any CPU
		{13B48BE5-67A4-431C-92FD-7CC9719336C2}.Release|Any CPU.Deploy.0 = Release|Any CPU
		{13B48BE5-67A4-431C-92FD-7CC9719336C2}.Release|ARM.ActiveCfg = Release|ARM
		{13B48BE5-67A4-431C-92FD-7CC9719336C2}.Release|ARM.Build.0 = Release|ARM
		{13B48BE5-67A4-431C-92FD-7CC9719336C2}.Release|ARM.Deploy.0 = Release|ARM
		{13B48BE5-67A4-431C-92FD-7CC9719336C2}.Release|iPhone.ActiveCfg = Release|Any CPU
		{13B48BE5-67A4-431C-92FD-7CC9719336C2}.Release|iPhoneSimulator.ActiveCfg = Release|Any CPU
		{13B48BE5-67A4-431C-92FD-7CC9719336C2}.Release|Mixed Platforms.ActiveCfg = Release|x86
		{13B48BE5-67A4-431C-92FD-7CC9719336C2}.Release|Mixed Platforms.Build.0 = Release|x86
		{13B48BE5-67A4-431C-92FD-7CC9719336C2}.Release|Mixed Platforms.Deploy.0 = Release|x86
		{13B48BE5-67A4-431C-92FD-7CC9719336C2}.Release|x86.ActiveCfg = Release|x86
		{13B48BE5-67A4-431C-92FD-7CC9719336C2}.Release|x86.Build.0 = Release|x86
		{13B48BE5-67A4-431C-92FD-7CC9719336C2}.Release|x86.Deploy.0 = Release|x86
	EndGlobalSection
	GlobalSection(SolutionProperties) = preSolution
		HideSolutionNode = FALSE
	EndGlobalSection
EndGlobal
