
Microsoft Visual Studio Solution File, Format Version 12.00
# Visual Studio 2012
Project("{FAE04EC0-301F-11D3-BF4B-00C04F79EFBC}") = "LayoutAndroidExample", "LayoutAndroidExample\LayoutAndroidExample.csproj", "{6B842FC6-A943-4696-B7BC-7D6561A3078B}"
EndProject
Global
	GlobalSection(SolutionConfigurationPlatforms) = preSolution
		Debug|Any CPU = Debug|Any CPU
		Release|Any CPU = Release|Any CPU
	EndGlobalSection
	GlobalSection(ProjectConfigurationPlatforms) = postSolution
		{6B842FC6-A943-4696-B7BC-7D6561A3078B}.Debug|Any CPU.ActiveCfg = Debug|Any CPU
		{6B842FC6-A943-4696-B7BC-7D6561A3078B}.Debug|Any CPU.Build.0 = Debug|Any CPU
		{6B842FC6-A943-4696-B7BC-7D6561A3078B}.Debug|Any CPU.Deploy.0 = Debug|Any CPU
		{6B842FC6-A943-4696-B7BC-7D6561A3078B}.Release|Any CPU.ActiveCfg = Release|Any CPU
		{6B842FC6-A943-4696-B7BC-7D6561A3078B}.Release|Any CPU.Build.0 = Release|Any CPU
	EndGlobalSection
	GlobalSection(SolutionProperties) = preSolution
		HideSolutionNode = FALSE
	EndGlobalSection
	GlobalSection(MonoDevelopProperties) = preSolution
		StartupItem = LayoutAndroidExample\LayoutAndroidExample.csproj
	EndGlobalSection
EndGlobal
