
Microsoft Visual Studio Solution File, Format Version 12.00
# Visual Studio 2012
Project("{FAE04EC0-301F-11D3-BF4B-00C04F79EFBC}") = "FormsExample", "FormsExample\FormsExample\FormsExample.csproj", "{D667EFFD-AC14-44B5-9E0E-4AC51754C564}"
EndProject
Project("{FAE04EC0-301F-11D3-BF4B-00C04F79EFBC}") = "FormsExample.iOS", "FormsExample\FormsExample.iOS\FormsExample.iOS.csproj", "{C1BC504A-F75B-4113-A47F-D7DD9E560356}"
EndProject
Project("{FAE04EC0-301F-11D3-BF4B-00C04F79EFBC}") = "FormsExample.Droid", "FormsExample\FormsExample.Droid\FormsExample.Droid.csproj", "{798C19DC-8494-48F5-AA5D-36BBB9B40046}"
EndProject
Global
	GlobalSection(SolutionConfigurationPlatforms) = preSolution
		Ad-Hoc|Any CPU = Ad-Hoc|Any CPU
		Ad-Hoc|iPhone = Ad-Hoc|iPhone
		Ad-Hoc|iPhoneSimulator = Ad-Hoc|iPhoneSimulator
		Ad-Hoc|Mixed Platforms = Ad-Hoc|Mixed Platforms
		AppStore|Any CPU = AppStore|Any CPU
		AppStore|iPhone = AppStore|iPhone
		AppStore|iPhoneSimulator = AppStore|iPhoneSimulator
		AppStore|Mixed Platforms = AppStore|Mixed Platforms
		Debug|Any CPU = Debug|Any CPU
		Debug|iPhone = Debug|iPhone
		Debug|iPhoneSimulator = Debug|iPhoneSimulator
		Debug|Mixed Platforms = Debug|Mixed Platforms
		Release|Any CPU = Release|Any CPU
		Release|iPhone = Release|iPhone
		Release|iPhoneSimulator = Release|iPhoneSimulator
		Release|Mixed Platforms = Release|Mixed Platforms
	EndGlobalSection
	GlobalSection(ProjectConfigurationPlatforms) = postSolution
		{D667EFFD-AC14-44B5-9E0E-4AC51754C564}.Ad-Hoc|Any CPU.ActiveCfg = Release|Any CPU
		{D667EFFD-AC14-44B5-9E0E-4AC51754C564}.Ad-Hoc|Any CPU.Build.0 = Release|Any CPU
		{D667EFFD-AC14-44B5-9E0E-4AC51754C564}.Ad-Hoc|iPhone.ActiveCfg = Release|Any CPU
		{D667EFFD-AC14-44B5-9E0E-4AC51754C564}.Ad-Hoc|iPhoneSimulator.ActiveCfg = Release|Any CPU
		{D667EFFD-AC14-44B5-9E0E-4AC51754C564}.Ad-Hoc|Mixed Platforms.ActiveCfg = Release|Any CPU
		{D667EFFD-AC14-44B5-9E0E-4AC51754C564}.Ad-Hoc|Mixed Platforms.Build.0 = Release|Any CPU
		{D667EFFD-AC14-44B5-9E0E-4AC51754C564}.AppStore|Any CPU.ActiveCfg = Release|Any CPU
		{D667EFFD-AC14-44B5-9E0E-4AC51754C564}.AppStore|Any CPU.Build.0 = Release|Any CPU
		{D667EFFD-AC14-44B5-9E0E-4AC51754C564}.AppStore|iPhone.ActiveCfg = Release|Any CPU
		{D667EFFD-AC14-44B5-9E0E-4AC51754C564}.AppStore|iPhoneSimulator.ActiveCfg = Release|Any CPU
		{D667EFFD-AC14-44B5-9E0E-4AC51754C564}.AppStore|Mixed Platforms.ActiveCfg = Release|Any CPU
		{D667EFFD-AC14-44B5-9E0E-4AC51754C564}.AppStore|Mixed Platforms.Build.0 = Release|Any CPU
		{D667EFFD-AC14-44B5-9E0E-4AC51754C564}.Debug|Any CPU.ActiveCfg = Debug|Any CPU
		{D667EFFD-AC14-44B5-9E0E-4AC51754C564}.Debug|Any CPU.Build.0 = Debug|Any CPU
		{D667EFFD-AC14-44B5-9E0E-4AC51754C564}.Debug|iPhone.ActiveCfg = Debug|Any CPU
		{D667EFFD-AC14-44B5-9E0E-4AC51754C564}.Debug|iPhoneSimulator.ActiveCfg = Debug|Any CPU
		{D667EFFD-AC14-44B5-9E0E-4AC51754C564}.Debug|Mixed Platforms.ActiveCfg = Debug|Any CPU
		{D667EFFD-AC14-44B5-9E0E-4AC51754C564}.Debug|Mixed Platforms.Build.0 = Debug|Any CPU
		{D667EFFD-AC14-44B5-9E0E-4AC51754C564}.Release|Any CPU.ActiveCfg = Release|Any CPU
		{D667EFFD-AC14-44B5-9E0E-4AC51754C564}.Release|Any CPU.Build.0 = Release|Any CPU
		{D667EFFD-AC14-44B5-9E0E-4AC51754C564}.Release|iPhone.ActiveCfg = Release|Any CPU
		{D667EFFD-AC14-44B5-9E0E-4AC51754C564}.Release|iPhoneSimulator.ActiveCfg = Release|Any CPU
		{D667EFFD-AC14-44B5-9E0E-4AC51754C564}.Release|Mixed Platforms.ActiveCfg = Release|Any CPU
		{D667EFFD-AC14-44B5-9E0E-4AC51754C564}.Release|Mixed Platforms.Build.0 = Release|Any CPU
		{C1BC504A-F75B-4113-A47F-D7DD9E560356}.Ad-Hoc|Any CPU.ActiveCfg = Ad-Hoc|iPhone
		{C1BC504A-F75B-4113-A47F-D7DD9E560356}.Ad-Hoc|iPhone.ActiveCfg = Ad-Hoc|iPhone
		{C1BC504A-F75B-4113-A47F-D7DD9E560356}.Ad-Hoc|iPhone.Build.0 = Ad-Hoc|iPhone
		{C1BC504A-F75B-4113-A47F-D7DD9E560356}.Ad-Hoc|iPhoneSimulator.ActiveCfg = Ad-Hoc|iPhoneSimulator
		{C1BC504A-F75B-4113-A47F-D7DD9E560356}.Ad-Hoc|iPhoneSimulator.Build.0 = Ad-Hoc|iPhoneSimulator
		{C1BC504A-F75B-4113-A47F-D7DD9E560356}.Ad-Hoc|Mixed Platforms.ActiveCfg = Ad-Hoc|iPhone
		{C1BC504A-F75B-4113-A47F-D7DD9E560356}.Ad-Hoc|Mixed Platforms.Build.0 = Ad-Hoc|iPhone
		{C1BC504A-F75B-4113-A47F-D7DD9E560356}.AppStore|Any CPU.ActiveCfg = AppStore|iPhone
		{C1BC504A-F75B-4113-A47F-D7DD9E560356}.AppStore|iPhone.ActiveCfg = AppStore|iPhone
		{C1BC504A-F75B-4113-A47F-D7DD9E560356}.AppStore|iPhone.Build.0 = AppStore|iPhone
		{C1BC504A-F75B-4113-A47F-D7DD9E560356}.AppStore|iPhoneSimulator.ActiveCfg = AppStore|iPhoneSimulator
		{C1BC504A-F75B-4113-A47F-D7DD9E560356}.AppStore|iPhoneSimulator.Build.0 = AppStore|iPhoneSimulator
		{C1BC504A-F75B-4113-A47F-D7DD9E560356}.AppStore|Mixed Platforms.ActiveCfg = AppStore|iPhone
		{C1BC504A-F75B-4113-A47F-D7DD9E560356}.AppStore|Mixed Platforms.Build.0 = AppStore|iPhone
		{C1BC504A-F75B-4113-A47F-D7DD9E560356}.Debug|Any CPU.ActiveCfg = Debug|iPhone
		{C1BC504A-F75B-4113-A47F-D7DD9E560356}.Debug|iPhone.ActiveCfg = Debug|iPhone
		{C1BC504A-F75B-4113-A47F-D7DD9E560356}.Debug|iPhone.Build.0 = Debug|iPhone
		{C1BC504A-F75B-4113-A47F-D7DD9E560356}.Debug|iPhoneSimulator.ActiveCfg = Debug|iPhoneSimulator
		{C1BC504A-F75B-4113-A47F-D7DD9E560356}.Debug|iPhoneSimulator.Build.0 = Debug|iPhoneSimulator
		{C1BC504A-F75B-4113-A47F-D7DD9E560356}.Debug|Mixed Platforms.ActiveCfg = Debug|iPhone
		{C1BC504A-F75B-4113-A47F-D7DD9E560356}.Debug|Mixed Platforms.Build.0 = Debug|iPhone
		{C1BC504A-F75B-4113-A47F-D7DD9E560356}.Release|Any CPU.ActiveCfg = Release|iPhone
		{C1BC504A-F75B-4113-A47F-D7DD9E560356}.Release|iPhone.ActiveCfg = Release|iPhone
		{C1BC504A-F75B-4113-A47F-D7DD9E560356}.Release|iPhone.Build.0 = Release|iPhone
		{C1BC504A-F75B-4113-A47F-D7DD9E560356}.Release|iPhoneSimulator.ActiveCfg = Release|iPhoneSimulator
		{C1BC504A-F75B-4113-A47F-D7DD9E560356}.Release|iPhoneSimulator.Build.0 = Release|iPhoneSimulator
		{C1BC504A-F75B-4113-A47F-D7DD9E560356}.Release|Mixed Platforms.ActiveCfg = Release|iPhone
		{C1BC504A-F75B-4113-A47F-D7DD9E560356}.Release|Mixed Platforms.Build.0 = Release|iPhone
		{798C19DC-8494-48F5-AA5D-36BBB9B40046}.Ad-Hoc|Any CPU.ActiveCfg = Release|Any CPU
		{798C19DC-8494-48F5-AA5D-36BBB9B40046}.Ad-Hoc|Any CPU.Build.0 = Release|Any CPU
		{798C19DC-8494-48F5-AA5D-36BBB9B40046}.Ad-Hoc|Any CPU.Deploy.0 = Release|Any CPU
		{798C19DC-8494-48F5-AA5D-36BBB9B40046}.Ad-Hoc|iPhone.ActiveCfg = Release|Any CPU
		{798C19DC-8494-48F5-AA5D-36BBB9B40046}.Ad-Hoc|iPhoneSimulator.ActiveCfg = Release|Any CPU
		{798C19DC-8494-48F5-AA5D-36BBB9B40046}.Ad-Hoc|Mixed Platforms.ActiveCfg = Release|Any CPU
		{798C19DC-8494-48F5-AA5D-36BBB9B40046}.Ad-Hoc|Mixed Platforms.Build.0 = Release|Any CPU
		{798C19DC-8494-48F5-AA5D-36BBB9B40046}.Ad-Hoc|Mixed Platforms.Deploy.0 = Release|Any CPU
		{798C19DC-8494-48F5-AA5D-36BBB9B40046}.AppStore|Any CPU.ActiveCfg = Release|Any CPU
		{798C19DC-8494-48F5-AA5D-36BBB9B40046}.AppStore|Any CPU.Build.0 = Release|Any CPU
		{798C19DC-8494-48F5-AA5D-36BBB9B40046}.AppStore|Any CPU.Deploy.0 = Release|Any CPU
		{798C19DC-8494-48F5-AA5D-36BBB9B40046}.AppStore|iPhone.ActiveCfg = Release|Any CPU
		{798C19DC-8494-48F5-AA5D-36BBB9B40046}.AppStore|iPhoneSimulator.ActiveCfg = Release|Any CPU
		{798C19DC-8494-48F5-AA5D-36BBB9B40046}.AppStore|Mixed Platforms.ActiveCfg = Release|Any CPU
		{798C19DC-8494-48F5-AA5D-36BBB9B40046}.AppStore|Mixed Platforms.Build.0 = Release|Any CPU
		{798C19DC-8494-48F5-AA5D-36BBB9B40046}.AppStore|Mixed Platforms.Deploy.0 = Release|Any CPU
		{798C19DC-8494-48F5-AA5D-36BBB9B40046}.Debug|Any CPU.ActiveCfg = Debug|Any CPU
		{798C19DC-8494-48F5-AA5D-36BBB9B40046}.Debug|Any CPU.Build.0 = Debug|Any CPU
		{798C19DC-8494-48F5-AA5D-36BBB9B40046}.Debug|Any CPU.Deploy.0 = Debug|Any CPU
		{798C19DC-8494-48F5-AA5D-36BBB9B40046}.Debug|iPhone.ActiveCfg = Debug|Any CPU
		{798C19DC-8494-48F5-AA5D-36BBB9B40046}.Debug|iPhoneSimulator.ActiveCfg = Debug|Any CPU
		{798C19DC-8494-48F5-AA5D-36BBB9B40046}.Debug|Mixed Platforms.ActiveCfg = Debug|Any CPU
		{798C19DC-8494-48F5-AA5D-36BBB9B40046}.Debug|Mixed Platforms.Build.0 = Debug|Any CPU
		{798C19DC-8494-48F5-AA5D-36BBB9B40046}.Debug|Mixed Platforms.Deploy.0 = Debug|Any CPU
		{798C19DC-8494-48F5-AA5D-36BBB9B40046}.Release|Any CPU.ActiveCfg = Release|Any CPU
		{798C19DC-8494-48F5-AA5D-36BBB9B40046}.Release|Any CPU.Build.0 = Release|Any CPU
		{798C19DC-8494-48F5-AA5D-36BBB9B40046}.Release|Any CPU.Deploy.0 = Release|Any CPU
		{798C19DC-8494-48F5-AA5D-36BBB9B40046}.Release|iPhone.ActiveCfg = Release|Any CPU
		{798C19DC-8494-48F5-AA5D-36BBB9B40046}.Release|iPhoneSimulator.ActiveCfg = Release|Any CPU
		{798C19DC-8494-48F5-AA5D-36BBB9B40046}.Release|Mixed Platforms.ActiveCfg = Release|Any CPU
		{798C19DC-8494-48F5-AA5D-36BBB9B40046}.Release|Mixed Platforms.Build.0 = Release|Any CPU
		{798C19DC-8494-48F5-AA5D-36BBB9B40046}.Release|Mixed Platforms.Deploy.0 = Release|Any CPU
	EndGlobalSection
	GlobalSection(SolutionProperties) = preSolution
		HideSolutionNode = FALSE
	EndGlobalSection
EndGlobal
