
Microsoft Visual Studio Solution File, Format Version 12.00
# Visual Studio 2012
Project("{FAE04EC0-301F-11D3-BF4B-00C04F79EFBC}") = "SQLiteNetPCL", "SQLiteNetPCL\SQLiteNetPCL\SQLiteNetPCL.csproj", "{C620C19E-204B-4F65-9F07-9B4711A56FC2}"
EndProject
Project("{FAE04EC0-301F-11D3-BF4B-00C04F79EFBC}") = "SQLiteNetPCL.Droid", "SQLiteNetPCL\SQLiteNetPCL.Droid\SQLiteNetPCL.Droid.csproj", "{3159E5D2-A1F1-4317-8CCA-431D4948DE7C}"
EndProject
Project("{FAE04EC0-301F-11D3-BF4B-00C04F79EFBC}") = "SQLiteNetPCL.iOS", "SQLiteNetPCL\SQLiteNetPCL.iOS\SQLiteNetPCL.iOS.csproj", "{9DF89F5E-4873-4D3F-936A-42A81805528B}"
EndProject
Project("{FAE04EC0-301F-11D3-BF4B-00C04F79EFBC}") = "SQLiteNetPCL.WinPhone", "SQLiteNetPCL\SQLiteNetPCL.WinPhone\SQLiteNetPCL.WinPhone.csproj", "{7DB56E65-861B-4C48-A8DE-A9D9FEC37E24}"
EndProject
Global
	GlobalSection(SolutionConfigurationPlatforms) = preSolution
		Ad-Hoc|Any CPU = Ad-Hoc|Any CPU
		Ad-Hoc|ARM = Ad-Hoc|ARM
		Ad-Hoc|iPhone = Ad-Hoc|iPhone
		Ad-Hoc|iPhoneSimulator = Ad-Hoc|iPhoneSimulator
		Ad-Hoc|Mixed Platforms = Ad-Hoc|Mixed Platforms
		Ad-Hoc|x86 = Ad-Hoc|x86
		AppStore|Any CPU = AppStore|Any CPU
		AppStore|ARM = AppStore|ARM
		AppStore|iPhone = AppStore|iPhone
		AppStore|iPhoneSimulator = AppStore|iPhoneSimulator
		AppStore|Mixed Platforms = AppStore|Mixed Platforms
		AppStore|x86 = AppStore|x86
		Debug|Any CPU = Debug|Any CPU
		Debug|ARM = Debug|ARM
		Debug|iPhone = Debug|iPhone
		Debug|iPhoneSimulator = Debug|iPhoneSimulator
		Debug|Mixed Platforms = Debug|Mixed Platforms
		Debug|x86 = Debug|x86
		Release|Any CPU = Release|Any CPU
		Release|ARM = Release|ARM
		Release|iPhone = Release|iPhone
		Release|iPhoneSimulator = Release|iPhoneSimulator
		Release|Mixed Platforms = Release|Mixed Platforms
		Release|x86 = Release|x86
	EndGlobalSection
	GlobalSection(ProjectConfigurationPlatforms) = postSolution
		{C620C19E-204B-4F65-9F07-9B4711A56FC2}.Ad-Hoc|Any CPU.ActiveCfg = Release|Any CPU
		{C620C19E-204B-4F65-9F07-9B4711A56FC2}.Ad-Hoc|Any CPU.Build.0 = Release|Any CPU
		{C620C19E-204B-4F65-9F07-9B4711A56FC2}.Ad-Hoc|ARM.ActiveCfg = Debug|Any CPU
		{C620C19E-204B-4F65-9F07-9B4711A56FC2}.Ad-Hoc|iPhone.ActiveCfg = Release|Any CPU
		{C620C19E-204B-4F65-9F07-9B4711A56FC2}.Ad-Hoc|iPhoneSimulator.ActiveCfg = Release|Any CPU
		{C620C19E-204B-4F65-9F07-9B4711A56FC2}.Ad-Hoc|Mixed Platforms.ActiveCfg = Release|Any CPU
		{C620C19E-204B-4F65-9F07-9B4711A56FC2}.Ad-Hoc|Mixed Platforms.Build.0 = Release|Any CPU
		{C620C19E-204B-4F65-9F07-9B4711A56FC2}.Ad-Hoc|x86.ActiveCfg = Debug|Any CPU
		{C620C19E-204B-4F65-9F07-9B4711A56FC2}.AppStore|Any CPU.ActiveCfg = Release|Any CPU
		{C620C19E-204B-4F65-9F07-9B4711A56FC2}.AppStore|Any CPU.Build.0 = Release|Any CPU
		{C620C19E-204B-4F65-9F07-9B4711A56FC2}.AppStore|ARM.ActiveCfg = Debug|Any CPU
		{C620C19E-204B-4F65-9F07-9B4711A56FC2}.AppStore|iPhone.ActiveCfg = Release|Any CPU
		{C620C19E-204B-4F65-9F07-9B4711A56FC2}.AppStore|iPhoneSimulator.ActiveCfg = Release|Any CPU
		{C620C19E-204B-4F65-9F07-9B4711A56FC2}.AppStore|Mixed Platforms.ActiveCfg = Release|Any CPU
		{C620C19E-204B-4F65-9F07-9B4711A56FC2}.AppStore|Mixed Platforms.Build.0 = Release|Any CPU
		{C620C19E-204B-4F65-9F07-9B4711A56FC2}.AppStore|x86.ActiveCfg = Debug|Any CPU
		{C620C19E-204B-4F65-9F07-9B4711A56FC2}.Debug|Any CPU.ActiveCfg = Debug|Any CPU
		{C620C19E-204B-4F65-9F07-9B4711A56FC2}.Debug|Any CPU.Build.0 = Debug|Any CPU
		{C620C19E-204B-4F65-9F07-9B4711A56FC2}.Debug|ARM.ActiveCfg = Debug|Any CPU
		{C620C19E-204B-4F65-9F07-9B4711A56FC2}.Debug|iPhone.ActiveCfg = Debug|Any CPU
		{C620C19E-204B-4F65-9F07-9B4711A56FC2}.Debug|iPhoneSimulator.ActiveCfg = Debug|Any CPU
		{C620C19E-204B-4F65-9F07-9B4711A56FC2}.Debug|Mixed Platforms.ActiveCfg = Debug|Any CPU
		{C620C19E-204B-4F65-9F07-9B4711A56FC2}.Debug|Mixed Platforms.Build.0 = Debug|Any CPU
		{C620C19E-204B-4F65-9F07-9B4711A56FC2}.Debug|x86.ActiveCfg = Debug|Any CPU
		{C620C19E-204B-4F65-9F07-9B4711A56FC2}.Release|Any CPU.ActiveCfg = Release|Any CPU
		{C620C19E-204B-4F65-9F07-9B4711A56FC2}.Release|Any CPU.Build.0 = Release|Any CPU
		{C620C19E-204B-4F65-9F07-9B4711A56FC2}.Release|ARM.ActiveCfg = Release|Any CPU
		{C620C19E-204B-4F65-9F07-9B4711A56FC2}.Release|iPhone.ActiveCfg = Release|Any CPU
		{C620C19E-204B-4F65-9F07-9B4711A56FC2}.Release|iPhoneSimulator.ActiveCfg = Release|Any CPU
		{C620C19E-204B-4F65-9F07-9B4711A56FC2}.Release|Mixed Platforms.ActiveCfg = Release|Any CPU
		{C620C19E-204B-4F65-9F07-9B4711A56FC2}.Release|Mixed Platforms.Build.0 = Release|Any CPU
		{C620C19E-204B-4F65-9F07-9B4711A56FC2}.Release|x86.ActiveCfg = Release|Any CPU
		{3159E5D2-A1F1-4317-8CCA-431D4948DE7C}.Ad-Hoc|Any CPU.ActiveCfg = Release|Any CPU
		{3159E5D2-A1F1-4317-8CCA-431D4948DE7C}.Ad-Hoc|Any CPU.Build.0 = Release|Any CPU
		{3159E5D2-A1F1-4317-8CCA-431D4948DE7C}.Ad-Hoc|Any CPU.Deploy.0 = Release|Any CPU
		{3159E5D2-A1F1-4317-8CCA-431D4948DE7C}.Ad-Hoc|ARM.ActiveCfg = Debug|Any CPU
		{3159E5D2-A1F1-4317-8CCA-431D4948DE7C}.Ad-Hoc|iPhone.ActiveCfg = Release|Any CPU
		{3159E5D2-A1F1-4317-8CCA-431D4948DE7C}.Ad-Hoc|iPhoneSimulator.ActiveCfg = Release|Any CPU
		{3159E5D2-A1F1-4317-8CCA-431D4948DE7C}.Ad-Hoc|Mixed Platforms.ActiveCfg = Release|Any CPU
		{3159E5D2-A1F1-4317-8CCA-431D4948DE7C}.Ad-Hoc|Mixed Platforms.Build.0 = Release|Any CPU
		{3159E5D2-A1F1-4317-8CCA-431D4948DE7C}.Ad-Hoc|Mixed Platforms.Deploy.0 = Release|Any CPU
		{3159E5D2-A1F1-4317-8CCA-431D4948DE7C}.Ad-Hoc|x86.ActiveCfg = Debug|Any CPU
		{3159E5D2-A1F1-4317-8CCA-431D4948DE7C}.AppStore|Any CPU.ActiveCfg = Release|Any CPU
		{3159E5D2-A1F1-4317-8CCA-431D4948DE7C}.AppStore|Any CPU.Build.0 = Release|Any CPU
		{3159E5D2-A1F1-4317-8CCA-431D4948DE7C}.AppStore|Any CPU.Deploy.0 = Release|Any CPU
		{3159E5D2-A1F1-4317-8CCA-431D4948DE7C}.AppStore|ARM.ActiveCfg = Debug|Any CPU
		{3159E5D2-A1F1-4317-8CCA-431D4948DE7C}.AppStore|iPhone.ActiveCfg = Release|Any CPU
		{3159E5D2-A1F1-4317-8CCA-431D4948DE7C}.AppStore|iPhoneSimulator.ActiveCfg = Release|Any CPU
		{3159E5D2-A1F1-4317-8CCA-431D4948DE7C}.AppStore|Mixed Platforms.ActiveCfg = Release|Any CPU
		{3159E5D2-A1F1-4317-8CCA-431D4948DE7C}.AppStore|Mixed Platforms.Build.0 = Release|Any CPU
		{3159E5D2-A1F1-4317-8CCA-431D4948DE7C}.AppStore|Mixed Platforms.Deploy.0 = Release|Any CPU
		{3159E5D2-A1F1-4317-8CCA-431D4948DE7C}.AppStore|x86.ActiveCfg = Debug|Any CPU
		{3159E5D2-A1F1-4317-8CCA-431D4948DE7C}.Debug|Any CPU.ActiveCfg = Debug|Any CPU
		{3159E5D2-A1F1-4317-8CCA-431D4948DE7C}.Debug|Any CPU.Build.0 = Debug|Any CPU
		{3159E5D2-A1F1-4317-8CCA-431D4948DE7C}.Debug|Any CPU.Deploy.0 = Debug|Any CPU
		{3159E5D2-A1F1-4317-8CCA-431D4948DE7C}.Debug|ARM.ActiveCfg = Debug|Any CPU
		{3159E5D2-A1F1-4317-8CCA-431D4948DE7C}.Debug|iPhone.ActiveCfg = Debug|Any CPU
		{3159E5D2-A1F1-4317-8CCA-431D4948DE7C}.Debug|iPhoneSimulator.ActiveCfg = Debug|Any CPU
		{3159E5D2-A1F1-4317-8CCA-431D4948DE7C}.Debug|Mixed Platforms.ActiveCfg = Debug|Any CPU
		{3159E5D2-A1F1-4317-8CCA-431D4948DE7C}.Debug|Mixed Platforms.Build.0 = Debug|Any CPU
		{3159E5D2-A1F1-4317-8CCA-431D4948DE7C}.Debug|Mixed Platforms.Deploy.0 = Debug|Any CPU
		{3159E5D2-A1F1-4317-8CCA-431D4948DE7C}.Debug|x86.ActiveCfg = Debug|Any CPU
		{3159E5D2-A1F1-4317-8CCA-431D4948DE7C}.Release|Any CPU.ActiveCfg = Release|Any CPU
		{3159E5D2-A1F1-4317-8CCA-431D4948DE7C}.Release|Any CPU.Build.0 = Release|Any CPU
		{3159E5D2-A1F1-4317-8CCA-431D4948DE7C}.Release|Any CPU.Deploy.0 = Release|Any CPU
		{3159E5D2-A1F1-4317-8CCA-431D4948DE7C}.Release|ARM.ActiveCfg = Release|Any CPU
		{3159E5D2-A1F1-4317-8CCA-431D4948DE7C}.Release|iPhone.ActiveCfg = Release|Any CPU
		{3159E5D2-A1F1-4317-8CCA-431D4948DE7C}.Release|iPhoneSimulator.ActiveCfg = Release|Any CPU
		{3159E5D2-A1F1-4317-8CCA-431D4948DE7C}.Release|Mixed Platforms.ActiveCfg = Release|Any CPU
		{3159E5D2-A1F1-4317-8CCA-431D4948DE7C}.Release|Mixed Platforms.Build.0 = Release|Any CPU
		{3159E5D2-A1F1-4317-8CCA-431D4948DE7C}.Release|Mixed Platforms.Deploy.0 = Release|Any CPU
		{3159E5D2-A1F1-4317-8CCA-431D4948DE7C}.Release|x86.ActiveCfg = Release|Any CPU
		{9DF89F5E-4873-4D3F-936A-42A81805528B}.Ad-Hoc|Any CPU.ActiveCfg = Debug|iPhoneSimulator
		{9DF89F5E-4873-4D3F-936A-42A81805528B}.Ad-Hoc|Any CPU.Build.0 = Debug|iPhoneSimulator
		{9DF89F5E-4873-4D3F-936A-42A81805528B}.Ad-Hoc|ARM.ActiveCfg = Release|iPhoneSimulator
		{9DF89F5E-4873-4D3F-936A-42A81805528B}.Ad-Hoc|iPhone.ActiveCfg = Release|iPhone
		{9DF89F5E-4873-4D3F-936A-42A81805528B}.Ad-Hoc|iPhone.Build.0 = Release|iPhone
		{9DF89F5E-4873-4D3F-936A-42A81805528B}.Ad-Hoc|iPhoneSimulator.ActiveCfg = Debug|iPhoneSimulator
		{9DF89F5E-4873-4D3F-936A-42A81805528B}.Ad-Hoc|iPhoneSimulator.Build.0 = Debug|iPhoneSimulator
		{9DF89F5E-4873-4D3F-936A-42A81805528B}.Ad-Hoc|Mixed Platforms.ActiveCfg = Debug|iPhoneSimulator
		{9DF89F5E-4873-4D3F-936A-42A81805528B}.Ad-Hoc|Mixed Platforms.Build.0 = Debug|iPhoneSimulator
		{9DF89F5E-4873-4D3F-936A-42A81805528B}.Ad-Hoc|x86.ActiveCfg = Release|iPhoneSimulator
		{9DF89F5E-4873-4D3F-936A-42A81805528B}.AppStore|Any CPU.ActiveCfg = Debug|iPhoneSimulator
		{9DF89F5E-4873-4D3F-936A-42A81805528B}.AppStore|Any CPU.Build.0 = Debug|iPhoneSimulator
		{9DF89F5E-4873-4D3F-936A-42A81805528B}.AppStore|ARM.ActiveCfg = Release|iPhoneSimulator
		{9DF89F5E-4873-4D3F-936A-42A81805528B}.AppStore|iPhone.ActiveCfg = Release|iPhone
		{9DF89F5E-4873-4D3F-936A-42A81805528B}.AppStore|iPhone.Build.0 = Release|iPhone
		{9DF89F5E-4873-4D3F-936A-42A81805528B}.AppStore|iPhoneSimulator.ActiveCfg = Debug|iPhoneSimulator
		{9DF89F5E-4873-4D3F-936A-42A81805528B}.AppStore|iPhoneSimulator.Build.0 = Debug|iPhoneSimulator
		{9DF89F5E-4873-4D3F-936A-42A81805528B}.AppStore|Mixed Platforms.ActiveCfg = Debug|iPhoneSimulator
		{9DF89F5E-4873-4D3F-936A-42A81805528B}.AppStore|Mixed Platforms.Build.0 = Debug|iPhoneSimulator
		{9DF89F5E-4873-4D3F-936A-42A81805528B}.AppStore|x86.ActiveCfg = Release|iPhoneSimulator
		{9DF89F5E-4873-4D3F-936A-42A81805528B}.Debug|Any CPU.ActiveCfg = Debug|iPhoneSimulator
		{9DF89F5E-4873-4D3F-936A-42A81805528B}.Debug|Any CPU.Build.0 = Debug|iPhoneSimulator
		{9DF89F5E-4873-4D3F-936A-42A81805528B}.Debug|ARM.ActiveCfg = Debug|iPhone
		{9DF89F5E-4873-4D3F-936A-42A81805528B}.Debug|iPhone.ActiveCfg = Debug|iPhone
		{9DF89F5E-4873-4D3F-936A-42A81805528B}.Debug|iPhone.Build.0 = Debug|iPhone
		{9DF89F5E-4873-4D3F-936A-42A81805528B}.Debug|iPhoneSimulator.ActiveCfg = Debug|iPhoneSimulator
		{9DF89F5E-4873-4D3F-936A-42A81805528B}.Debug|iPhoneSimulator.Build.0 = Debug|iPhoneSimulator
		{9DF89F5E-4873-4D3F-936A-42A81805528B}.Debug|Mixed Platforms.ActiveCfg = Debug|iPhoneSimulator
		{9DF89F5E-4873-4D3F-936A-42A81805528B}.Debug|Mixed Platforms.Build.0 = Debug|iPhoneSimulator
		{9DF89F5E-4873-4D3F-936A-42A81805528B}.Debug|x86.ActiveCfg = Debug|iPhone
		{9DF89F5E-4873-4D3F-936A-42A81805528B}.Release|Any CPU.ActiveCfg = Release|iPhone
		{9DF89F5E-4873-4D3F-936A-42A81805528B}.Release|Any CPU.Build.0 = Release|iPhone
		{9DF89F5E-4873-4D3F-936A-42A81805528B}.Release|ARM.ActiveCfg = Release|iPhoneSimulator
		{9DF89F5E-4873-4D3F-936A-42A81805528B}.Release|iPhone.ActiveCfg = Release|iPhone
		{9DF89F5E-4873-4D3F-936A-42A81805528B}.Release|iPhone.Build.0 = Release|iPhone
		{9DF89F5E-4873-4D3F-936A-42A81805528B}.Release|iPhoneSimulator.ActiveCfg = Release|iPhoneSimulator
		{9DF89F5E-4873-4D3F-936A-42A81805528B}.Release|iPhoneSimulator.Build.0 = Release|iPhoneSimulator
		{9DF89F5E-4873-4D3F-936A-42A81805528B}.Release|Mixed Platforms.ActiveCfg = Release|iPhone
		{9DF89F5E-4873-4D3F-936A-42A81805528B}.Release|Mixed Platforms.Build.0 = Release|iPhone
		{9DF89F5E-4873-4D3F-936A-42A81805528B}.Release|x86.ActiveCfg = Release|iPhoneSimulator
		{7DB56E65-861B-4C48-A8DE-A9D9FEC37E24}.Ad-Hoc|Any CPU.ActiveCfg = Release|Any CPU
		{7DB56E65-861B-4C48-A8DE-A9D9FEC37E24}.Ad-Hoc|Any CPU.Build.0 = Release|Any CPU
		{7DB56E65-861B-4C48-A8DE-A9D9FEC37E24}.Ad-Hoc|Any CPU.Deploy.0 = Release|Any CPU
		{7DB56E65-861B-4C48-A8DE-A9D9FEC37E24}.Ad-Hoc|ARM.ActiveCfg = Release|ARM
		{7DB56E65-861B-4C48-A8DE-A9D9FEC37E24}.Ad-Hoc|ARM.Build.0 = Release|ARM
		{7DB56E65-861B-4C48-A8DE-A9D9FEC37E24}.Ad-Hoc|ARM.Deploy.0 = Release|ARM
		{7DB56E65-861B-4C48-A8DE-A9D9FEC37E24}.Ad-Hoc|iPhone.ActiveCfg = Release|Any CPU
		{7DB56E65-861B-4C48-A8DE-A9D9FEC37E24}.Ad-Hoc|iPhoneSimulator.ActiveCfg = Release|Any CPU
		{7DB56E65-861B-4C48-A8DE-A9D9FEC37E24}.Ad-Hoc|Mixed Platforms.ActiveCfg = Release|x86
		{7DB56E65-861B-4C48-A8DE-A9D9FEC37E24}.Ad-Hoc|Mixed Platforms.Build.0 = Release|x86
		{7DB56E65-861B-4C48-A8DE-A9D9FEC37E24}.Ad-Hoc|Mixed Platforms.Deploy.0 = Release|x86
		{7DB56E65-861B-4C48-A8DE-A9D9FEC37E24}.Ad-Hoc|x86.ActiveCfg = Release|x86
		{7DB56E65-861B-4C48-A8DE-A9D9FEC37E24}.Ad-Hoc|x86.Build.0 = Release|x86
		{7DB56E65-861B-4C48-A8DE-A9D9FEC37E24}.Ad-Hoc|x86.Deploy.0 = Release|x86
		{7DB56E65-861B-4C48-A8DE-A9D9FEC37E24}.AppStore|Any CPU.ActiveCfg = Release|Any CPU
		{7DB56E65-861B-4C48-A8DE-A9D9FEC37E24}.AppStore|Any CPU.Build.0 = Release|Any CPU
		{7DB56E65-861B-4C48-A8DE-A9D9FEC37E24}.AppStore|Any CPU.Deploy.0 = Release|Any CPU
		{7DB56E65-861B-4C48-A8DE-A9D9FEC37E24}.AppStore|ARM.ActiveCfg = Release|ARM
		{7DB56E65-861B-4C48-A8DE-A9D9FEC37E24}.AppStore|ARM.Build.0 = Release|ARM
		{7DB56E65-861B-4C48-A8DE-A9D9FEC37E24}.AppStore|ARM.Deploy.0 = Release|ARM
		{7DB56E65-861B-4C48-A8DE-A9D9FEC37E24}.AppStore|iPhone.ActiveCfg = Release|Any CPU
		{7DB56E65-861B-4C48-A8DE-A9D9FEC37E24}.AppStore|iPhoneSimulator.ActiveCfg = Release|Any CPU
		{7DB56E65-861B-4C48-A8DE-A9D9FEC37E24}.AppStore|Mixed Platforms.ActiveCfg = Release|x86
		{7DB56E65-861B-4C48-A8DE-A9D9FEC37E24}.AppStore|Mixed Platforms.Build.0 = Release|x86
		{7DB56E65-861B-4C48-A8DE-A9D9FEC37E24}.AppStore|Mixed Platforms.Deploy.0 = Release|x86
		{7DB56E65-861B-4C48-A8DE-A9D9FEC37E24}.AppStore|x86.ActiveCfg = Release|x86
		{7DB56E65-861B-4C48-A8DE-A9D9FEC37E24}.AppStore|x86.Build.0 = Release|x86
		{7DB56E65-861B-4C48-A8DE-A9D9FEC37E24}.AppStore|x86.Deploy.0 = Release|x86
		{7DB56E65-861B-4C48-A8DE-A9D9FEC37E24}.Debug|Any CPU.ActiveCfg = Debug|x86
		{7DB56E65-861B-4C48-A8DE-A9D9FEC37E24}.Debug|Any CPU.Build.0 = Debug|x86
		{7DB56E65-861B-4C48-A8DE-A9D9FEC37E24}.Debug|Any CPU.Deploy.0 = Debug|x86
		{7DB56E65-861B-4C48-A8DE-A9D9FEC37E24}.Debug|ARM.ActiveCfg = Debug|ARM
		{7DB56E65-861B-4C48-A8DE-A9D9FEC37E24}.Debug|ARM.Build.0 = Debug|ARM
		{7DB56E65-861B-4C48-A8DE-A9D9FEC37E24}.Debug|ARM.Deploy.0 = Debug|ARM
		{7DB56E65-861B-4C48-A8DE-A9D9FEC37E24}.Debug|iPhone.ActiveCfg = Debug|Any CPU
		{7DB56E65-861B-4C48-A8DE-A9D9FEC37E24}.Debug|iPhoneSimulator.ActiveCfg = Debug|Any CPU
		{7DB56E65-861B-4C48-A8DE-A9D9FEC37E24}.Debug|Mixed Platforms.ActiveCfg = Debug|x86
		{7DB56E65-861B-4C48-A8DE-A9D9FEC37E24}.Debug|Mixed Platforms.Build.0 = Debug|x86
		{7DB56E65-861B-4C48-A8DE-A9D9FEC37E24}.Debug|Mixed Platforms.Deploy.0 = Debug|x86
		{7DB56E65-861B-4C48-A8DE-A9D9FEC37E24}.Debug|x86.ActiveCfg = Debug|x86
		{7DB56E65-861B-4C48-A8DE-A9D9FEC37E24}.Debug|x86.Build.0 = Debug|x86
		{7DB56E65-861B-4C48-A8DE-A9D9FEC37E24}.Debug|x86.Deploy.0 = Debug|x86
		{7DB56E65-861B-4C48-A8DE-A9D9FEC37E24}.Release|Any CPU.ActiveCfg = Release|Any CPU
		{7DB56E65-861B-4C48-A8DE-A9D9FEC37E24}.Release|Any CPU.Build.0 = Release|Any CPU
		{7DB56E65-861B-4C48-A8DE-A9D9FEC37E24}.Release|Any CPU.Deploy.0 = Release|Any CPU
		{7DB56E65-861B-4C48-A8DE-A9D9FEC37E24}.Release|ARM.ActiveCfg = Release|ARM
		{7DB56E65-861B-4C48-A8DE-A9D9FEC37E24}.Release|ARM.Build.0 = Release|ARM
		{7DB56E65-861B-4C48-A8DE-A9D9FEC37E24}.Release|ARM.Deploy.0 = Release|ARM
		{7DB56E65-861B-4C48-A8DE-A9D9FEC37E24}.Release|iPhone.ActiveCfg = Release|Any CPU
		{7DB56E65-861B-4C48-A8DE-A9D9FEC37E24}.Release|iPhoneSimulator.ActiveCfg = Release|Any CPU
		{7DB56E65-861B-4C48-A8DE-A9D9FEC37E24}.Release|Mixed Platforms.ActiveCfg = Release|x86
		{7DB56E65-861B-4C48-A8DE-A9D9FEC37E24}.Release|Mixed Platforms.Build.0 = Release|x86
		{7DB56E65-861B-4C48-A8DE-A9D9FEC37E24}.Release|Mixed Platforms.Deploy.0 = Release|x86
		{7DB56E65-861B-4C48-A8DE-A9D9FEC37E24}.Release|x86.ActiveCfg = Release|x86
		{7DB56E65-861B-4C48-A8DE-A9D9FEC37E24}.Release|x86.Build.0 = Release|x86
		{7DB56E65-861B-4C48-A8DE-A9D9FEC37E24}.Release|x86.Deploy.0 = Release|x86
	EndGlobalSection
	GlobalSection(SolutionProperties) = preSolution
		HideSolutionNode = FALSE
	EndGlobalSection
EndGlobal
