
Microsoft Visual Studio Solution File, Format Version 12.00
# Visual Studio 2012
Project("{FAE04EC0-301F-11D3-BF4B-00C04F79EFBC}") = "CustomRenderer", "CustomRenderer\CustomRenderer\CustomRenderer.csproj", "{441B9C18-A82B-46E9-93DC-64E139983BFF}"
EndProject
Project("{FAE04EC0-301F-11D3-BF4B-00C04F79EFBC}") = "CustomRenderer.Droid", "CustomRenderer\CustomRenderer.Droid\CustomRenderer.Droid.csproj", "{F9229BF9-28AD-4851-B161-6474942A3FBB}"
EndProject
Project("{FAE04EC0-301F-11D3-BF4B-00C04F79EFBC}") = "CustomRenderer.iOS", "CustomRenderer\CustomRenderer.iOS\CustomRenderer.iOS.csproj", "{D64A5B1E-32F1-4D0F-8B48-6D1BB14B9B33}"
EndProject
Project("{FAE04EC0-301F-11D3-BF4B-00C04F79EFBC}") = "CustomRenderer.WinPhone", "CustomRenderer\CustomRenderer.WinPhone\CustomRenderer.WinPhone.csproj", "{0AAD75BB-19DA-415E-8F7B-35474273C203}"
EndProject
Global
	GlobalSection(SolutionConfigurationPlatforms) = preSolution
		Ad-Hoc|Any CPU = Ad-Hoc|Any CPU
		Ad-Hoc|ARM = Ad-Hoc|ARM
		Ad-Hoc|iPhone = Ad-Hoc|iPhone
		Ad-Hoc|iPhoneSimulator = Ad-Hoc|iPhoneSimulator
		Ad-Hoc|Mixed Platforms = Ad-Hoc|Mixed Platforms
		Ad-Hoc|x86 = Ad-Hoc|x86
		AppStore|Any CPU = AppStore|Any CPU
		AppStore|ARM = AppStore|ARM
		AppStore|iPhone = AppStore|iPhone
		AppStore|iPhoneSimulator = AppStore|iPhoneSimulator
		AppStore|Mixed Platforms = AppStore|Mixed Platforms
		AppStore|x86 = AppStore|x86
		Debug|Any CPU = Debug|Any CPU
		Debug|ARM = Debug|ARM
		Debug|iPhone = Debug|iPhone
		Debug|iPhoneSimulator = Debug|iPhoneSimulator
		Debug|Mixed Platforms = Debug|Mixed Platforms
		Debug|x86 = Debug|x86
		Release|Any CPU = Release|Any CPU
		Release|ARM = Release|ARM
		Release|iPhone = Release|iPhone
		Release|iPhoneSimulator = Release|iPhoneSimulator
		Release|Mixed Platforms = Release|Mixed Platforms
		Release|x86 = Release|x86
	EndGlobalSection
	GlobalSection(ProjectConfigurationPlatforms) = postSolution
		{441B9C18-A82B-46E9-93DC-64E139983BFF}.Ad-Hoc|Any CPU.ActiveCfg = Release|Any CPU
		{441B9C18-A82B-46E9-93DC-64E139983BFF}.Ad-Hoc|Any CPU.Build.0 = Release|Any CPU
		{441B9C18-A82B-46E9-93DC-64E139983BFF}.Ad-Hoc|ARM.ActiveCfg = Debug|Any CPU
		{441B9C18-A82B-46E9-93DC-64E139983BFF}.Ad-Hoc|iPhone.ActiveCfg = Release|Any CPU
		{441B9C18-A82B-46E9-93DC-64E139983BFF}.Ad-Hoc|iPhoneSimulator.ActiveCfg = Release|Any CPU
		{441B9C18-A82B-46E9-93DC-64E139983BFF}.Ad-Hoc|Mixed Platforms.ActiveCfg = Release|Any CPU
		{441B9C18-A82B-46E9-93DC-64E139983BFF}.Ad-Hoc|Mixed Platforms.Build.0 = Release|Any CPU
		{441B9C18-A82B-46E9-93DC-64E139983BFF}.Ad-Hoc|x86.ActiveCfg = Debug|Any CPU
		{441B9C18-A82B-46E9-93DC-64E139983BFF}.AppStore|Any CPU.ActiveCfg = Release|Any CPU
		{441B9C18-A82B-46E9-93DC-64E139983BFF}.AppStore|Any CPU.Build.0 = Release|Any CPU
		{441B9C18-A82B-46E9-93DC-64E139983BFF}.AppStore|ARM.ActiveCfg = Debug|Any CPU
		{441B9C18-A82B-46E9-93DC-64E139983BFF}.AppStore|iPhone.ActiveCfg = Release|Any CPU
		{441B9C18-A82B-46E9-93DC-64E139983BFF}.AppStore|iPhoneSimulator.ActiveCfg = Release|Any CPU
		{441B9C18-A82B-46E9-93DC-64E139983BFF}.AppStore|Mixed Platforms.ActiveCfg = Release|Any CPU
		{441B9C18-A82B-46E9-93DC-64E139983BFF}.AppStore|Mixed Platforms.Build.0 = Release|Any CPU
		{441B9C18-A82B-46E9-93DC-64E139983BFF}.AppStore|x86.ActiveCfg = Debug|Any CPU
		{441B9C18-A82B-46E9-93DC-64E139983BFF}.Debug|Any CPU.ActiveCfg = Debug|Any CPU
		{441B9C18-A82B-46E9-93DC-64E139983BFF}.Debug|Any CPU.Build.0 = Debug|Any CPU
		{441B9C18-A82B-46E9-93DC-64E139983BFF}.Debug|ARM.ActiveCfg = Debug|Any CPU
		{441B9C18-A82B-46E9-93DC-64E139983BFF}.Debug|iPhone.ActiveCfg = Debug|Any CPU
		{441B9C18-A82B-46E9-93DC-64E139983BFF}.Debug|iPhoneSimulator.ActiveCfg = Debug|Any CPU
		{441B9C18-A82B-46E9-93DC-64E139983BFF}.Debug|Mixed Platforms.ActiveCfg = Debug|Any CPU
		{441B9C18-A82B-46E9-93DC-64E139983BFF}.Debug|Mixed Platforms.Build.0 = Debug|Any CPU
		{441B9C18-A82B-46E9-93DC-64E139983BFF}.Debug|x86.ActiveCfg = Debug|Any CPU
		{441B9C18-A82B-46E9-93DC-64E139983BFF}.Release|Any CPU.ActiveCfg = Release|Any CPU
		{441B9C18-A82B-46E9-93DC-64E139983BFF}.Release|Any CPU.Build.0 = Release|Any CPU
		{441B9C18-A82B-46E9-93DC-64E139983BFF}.Release|ARM.ActiveCfg = Release|Any CPU
		{441B9C18-A82B-46E9-93DC-64E139983BFF}.Release|iPhone.ActiveCfg = Release|Any CPU
		{441B9C18-A82B-46E9-93DC-64E139983BFF}.Release|iPhoneSimulator.ActiveCfg = Release|Any CPU
		{441B9C18-A82B-46E9-93DC-64E139983BFF}.Release|Mixed Platforms.ActiveCfg = Release|Any CPU
		{441B9C18-A82B-46E9-93DC-64E139983BFF}.Release|Mixed Platforms.Build.0 = Release|Any CPU
		{441B9C18-A82B-46E9-93DC-64E139983BFF}.Release|x86.ActiveCfg = Release|Any CPU
		{F9229BF9-28AD-4851-B161-6474942A3FBB}.Ad-Hoc|Any CPU.ActiveCfg = Release|Any CPU
		{F9229BF9-28AD-4851-B161-6474942A3FBB}.Ad-Hoc|Any CPU.Build.0 = Release|Any CPU
		{F9229BF9-28AD-4851-B161-6474942A3FBB}.Ad-Hoc|Any CPU.Deploy.0 = Release|Any CPU
		{F9229BF9-28AD-4851-B161-6474942A3FBB}.Ad-Hoc|ARM.ActiveCfg = Debug|Any CPU
		{F9229BF9-28AD-4851-B161-6474942A3FBB}.Ad-Hoc|iPhone.ActiveCfg = Release|Any CPU
		{F9229BF9-28AD-4851-B161-6474942A3FBB}.Ad-Hoc|iPhoneSimulator.ActiveCfg = Release|Any CPU
		{F9229BF9-28AD-4851-B161-6474942A3FBB}.Ad-Hoc|Mixed Platforms.ActiveCfg = Release|Any CPU
		{F9229BF9-28AD-4851-B161-6474942A3FBB}.Ad-Hoc|Mixed Platforms.Build.0 = Release|Any CPU
		{F9229BF9-28AD-4851-B161-6474942A3FBB}.Ad-Hoc|Mixed Platforms.Deploy.0 = Release|Any CPU
		{F9229BF9-28AD-4851-B161-6474942A3FBB}.Ad-Hoc|x86.ActiveCfg = Debug|Any CPU
		{F9229BF9-28AD-4851-B161-6474942A3FBB}.AppStore|Any CPU.ActiveCfg = Release|Any CPU
		{F9229BF9-28AD-4851-B161-6474942A3FBB}.AppStore|Any CPU.Build.0 = Release|Any CPU
		{F9229BF9-28AD-4851-B161-6474942A3FBB}.AppStore|Any CPU.Deploy.0 = Release|Any CPU
		{F9229BF9-28AD-4851-B161-6474942A3FBB}.AppStore|ARM.ActiveCfg = Debug|Any CPU
		{F9229BF9-28AD-4851-B161-6474942A3FBB}.AppStore|iPhone.ActiveCfg = Release|Any CPU
		{F9229BF9-28AD-4851-B161-6474942A3FBB}.AppStore|iPhoneSimulator.ActiveCfg = Release|Any CPU
		{F9229BF9-28AD-4851-B161-6474942A3FBB}.AppStore|Mixed Platforms.ActiveCfg = Release|Any CPU
		{F9229BF9-28AD-4851-B161-6474942A3FBB}.AppStore|Mixed Platforms.Build.0 = Release|Any CPU
		{F9229BF9-28AD-4851-B161-6474942A3FBB}.AppStore|Mixed Platforms.Deploy.0 = Release|Any CPU
		{F9229BF9-28AD-4851-B161-6474942A3FBB}.AppStore|x86.ActiveCfg = Debug|Any CPU
		{F9229BF9-28AD-4851-B161-6474942A3FBB}.Debug|Any CPU.ActiveCfg = Debug|Any CPU
		{F9229BF9-28AD-4851-B161-6474942A3FBB}.Debug|Any CPU.Build.0 = Debug|Any CPU
		{F9229BF9-28AD-4851-B161-6474942A3FBB}.Debug|Any CPU.Deploy.0 = Debug|Any CPU
		{F9229BF9-28AD-4851-B161-6474942A3FBB}.Debug|ARM.ActiveCfg = Debug|Any CPU
		{F9229BF9-28AD-4851-B161-6474942A3FBB}.Debug|iPhone.ActiveCfg = Debug|Any CPU
		{F9229BF9-28AD-4851-B161-6474942A3FBB}.Debug|iPhoneSimulator.ActiveCfg = Debug|Any CPU
		{F9229BF9-28AD-4851-B161-6474942A3FBB}.Debug|Mixed Platforms.ActiveCfg = Debug|Any CPU
		{F9229BF9-28AD-4851-B161-6474942A3FBB}.Debug|Mixed Platforms.Build.0 = Debug|Any CPU
		{F9229BF9-28AD-4851-B161-6474942A3FBB}.Debug|Mixed Platforms.Deploy.0 = Debug|Any CPU
		{F9229BF9-28AD-4851-B161-6474942A3FBB}.Debug|x86.ActiveCfg = Debug|Any CPU
		{F9229BF9-28AD-4851-B161-6474942A3FBB}.Release|Any CPU.ActiveCfg = Release|Any CPU
		{F9229BF9-28AD-4851-B161-6474942A3FBB}.Release|Any CPU.Build.0 = Release|Any CPU
		{F9229BF9-28AD-4851-B161-6474942A3FBB}.Release|Any CPU.Deploy.0 = Release|Any CPU
		{F9229BF9-28AD-4851-B161-6474942A3FBB}.Release|ARM.ActiveCfg = Release|Any CPU
		{F9229BF9-28AD-4851-B161-6474942A3FBB}.Release|iPhone.ActiveCfg = Release|Any CPU
		{F9229BF9-28AD-4851-B161-6474942A3FBB}.Release|iPhoneSimulator.ActiveCfg = Release|Any CPU
		{F9229BF9-28AD-4851-B161-6474942A3FBB}.Release|Mixed Platforms.ActiveCfg = Release|Any CPU
		{F9229BF9-28AD-4851-B161-6474942A3FBB}.Release|Mixed Platforms.Build.0 = Release|Any CPU
		{F9229BF9-28AD-4851-B161-6474942A3FBB}.Release|Mixed Platforms.Deploy.0 = Release|Any CPU
		{F9229BF9-28AD-4851-B161-6474942A3FBB}.Release|x86.ActiveCfg = Release|Any CPU
		{D64A5B1E-32F1-4D0F-8B48-6D1BB14B9B33}.Ad-Hoc|Any CPU.ActiveCfg = Ad-Hoc|iPhone
		{D64A5B1E-32F1-4D0F-8B48-6D1BB14B9B33}.Ad-Hoc|Any CPU.Build.0 = Ad-Hoc|iPhone
		{D64A5B1E-32F1-4D0F-8B48-6D1BB14B9B33}.Ad-Hoc|ARM.ActiveCfg = Ad-Hoc|iPhoneSimulator
		{D64A5B1E-32F1-4D0F-8B48-6D1BB14B9B33}.Ad-Hoc|iPhone.ActiveCfg = Ad-Hoc|iPhone
		{D64A5B1E-32F1-4D0F-8B48-6D1BB14B9B33}.Ad-Hoc|iPhone.Build.0 = Ad-Hoc|iPhone
		{D64A5B1E-32F1-4D0F-8B48-6D1BB14B9B33}.Ad-Hoc|iPhoneSimulator.ActiveCfg = Debug|iPhoneSimulator
		{D64A5B1E-32F1-4D0F-8B48-6D1BB14B9B33}.Ad-Hoc|iPhoneSimulator.Build.0 = Debug|iPhoneSimulator
		{D64A5B1E-32F1-4D0F-8B48-6D1BB14B9B33}.Ad-Hoc|Mixed Platforms.ActiveCfg = Ad-Hoc|iPhone
		{D64A5B1E-32F1-4D0F-8B48-6D1BB14B9B33}.Ad-Hoc|Mixed Platforms.Build.0 = Ad-Hoc|iPhone
		{D64A5B1E-32F1-4D0F-8B48-6D1BB14B9B33}.Ad-Hoc|x86.ActiveCfg = Ad-Hoc|iPhoneSimulator
		{D64A5B1E-32F1-4D0F-8B48-6D1BB14B9B33}.AppStore|Any CPU.ActiveCfg = AppStore|iPhone
		{D64A5B1E-32F1-4D0F-8B48-6D1BB14B9B33}.AppStore|Any CPU.Build.0 = AppStore|iPhone
		{D64A5B1E-32F1-4D0F-8B48-6D1BB14B9B33}.AppStore|ARM.ActiveCfg = AppStore|iPhoneSimulator
		{D64A5B1E-32F1-4D0F-8B48-6D1BB14B9B33}.AppStore|iPhone.ActiveCfg = AppStore|iPhone
		{D64A5B1E-32F1-4D0F-8B48-6D1BB14B9B33}.AppStore|iPhone.Build.0 = AppStore|iPhone
		{D64A5B1E-32F1-4D0F-8B48-6D1BB14B9B33}.AppStore|iPhoneSimulator.ActiveCfg = Debug|iPhoneSimulator
		{D64A5B1E-32F1-4D0F-8B48-6D1BB14B9B33}.AppStore|iPhoneSimulator.Build.0 = Debug|iPhoneSimulator
		{D64A5B1E-32F1-4D0F-8B48-6D1BB14B9B33}.AppStore|Mixed Platforms.ActiveCfg = AppStore|iPhone
		{D64A5B1E-32F1-4D0F-8B48-6D1BB14B9B33}.AppStore|Mixed Platforms.Build.0 = AppStore|iPhone
		{D64A5B1E-32F1-4D0F-8B48-6D1BB14B9B33}.AppStore|x86.ActiveCfg = AppStore|iPhoneSimulator
		{D64A5B1E-32F1-4D0F-8B48-6D1BB14B9B33}.Debug|Any CPU.ActiveCfg = Debug|iPhoneSimulator
		{D64A5B1E-32F1-4D0F-8B48-6D1BB14B9B33}.Debug|Any CPU.Build.0 = Debug|iPhoneSimulator
		{D64A5B1E-32F1-4D0F-8B48-6D1BB14B9B33}.Debug|ARM.ActiveCfg = Debug|iPhone
		{D64A5B1E-32F1-4D0F-8B48-6D1BB14B9B33}.Debug|iPhone.ActiveCfg = Debug|iPhone
		{D64A5B1E-32F1-4D0F-8B48-6D1BB14B9B33}.Debug|iPhone.Build.0 = Debug|iPhone
		{D64A5B1E-32F1-4D0F-8B48-6D1BB14B9B33}.Debug|iPhoneSimulator.ActiveCfg = Debug|iPhoneSimulator
		{D64A5B1E-32F1-4D0F-8B48-6D1BB14B9B33}.Debug|iPhoneSimulator.Build.0 = Debug|iPhoneSimulator
		{D64A5B1E-32F1-4D0F-8B48-6D1BB14B9B33}.Debug|Mixed Platforms.ActiveCfg = Debug|iPhoneSimulator
		{D64A5B1E-32F1-4D0F-8B48-6D1BB14B9B33}.Debug|Mixed Platforms.Build.0 = Debug|iPhoneSimulator
		{D64A5B1E-32F1-4D0F-8B48-6D1BB14B9B33}.Debug|x86.ActiveCfg = Debug|iPhone
		{D64A5B1E-32F1-4D0F-8B48-6D1BB14B9B33}.Release|Any CPU.ActiveCfg = Release|iPhoneSimulator
		{D64A5B1E-32F1-4D0F-8B48-6D1BB14B9B33}.Release|Any CPU.Build.0 = Release|iPhoneSimulator
		{D64A5B1E-32F1-4D0F-8B48-6D1BB14B9B33}.Release|ARM.ActiveCfg = Release|iPhone
		{D64A5B1E-32F1-4D0F-8B48-6D1BB14B9B33}.Release|iPhone.ActiveCfg = Release|iPhone
		{D64A5B1E-32F1-4D0F-8B48-6D1BB14B9B33}.Release|iPhone.Build.0 = Release|iPhone
		{D64A5B1E-32F1-4D0F-8B48-6D1BB14B9B33}.Release|iPhoneSimulator.ActiveCfg = Release|iPhoneSimulator
		{D64A5B1E-32F1-4D0F-8B48-6D1BB14B9B33}.Release|iPhoneSimulator.Build.0 = Release|iPhoneSimulator
		{D64A5B1E-32F1-4D0F-8B48-6D1BB14B9B33}.Release|Mixed Platforms.ActiveCfg = Release|iPhoneSimulator
		{D64A5B1E-32F1-4D0F-8B48-6D1BB14B9B33}.Release|Mixed Platforms.Build.0 = Release|iPhoneSimulator
		{D64A5B1E-32F1-4D0F-8B48-6D1BB14B9B33}.Release|x86.ActiveCfg = Release|iPhone
		{0AAD75BB-19DA-415E-8F7B-35474273C203}.Ad-Hoc|Any CPU.ActiveCfg = Release|Any CPU
		{0AAD75BB-19DA-415E-8F7B-35474273C203}.Ad-Hoc|Any CPU.Build.0 = Release|Any CPU
		{0AAD75BB-19DA-415E-8F7B-35474273C203}.Ad-Hoc|Any CPU.Deploy.0 = Release|Any CPU
		{0AAD75BB-19DA-415E-8F7B-35474273C203}.Ad-Hoc|ARM.ActiveCfg = Release|ARM
		{0AAD75BB-19DA-415E-8F7B-35474273C203}.Ad-Hoc|ARM.Build.0 = Release|ARM
		{0AAD75BB-19DA-415E-8F7B-35474273C203}.Ad-Hoc|ARM.Deploy.0 = Release|ARM
		{0AAD75BB-19DA-415E-8F7B-35474273C203}.Ad-Hoc|iPhone.ActiveCfg = Release|Any CPU
		{0AAD75BB-19DA-415E-8F7B-35474273C203}.Ad-Hoc|iPhoneSimulator.ActiveCfg = Release|Any CPU
		{0AAD75BB-19DA-415E-8F7B-35474273C203}.Ad-Hoc|Mixed Platforms.ActiveCfg = Release|x86
		{0AAD75BB-19DA-415E-8F7B-35474273C203}.Ad-Hoc|Mixed Platforms.Build.0 = Release|x86
		{0AAD75BB-19DA-415E-8F7B-35474273C203}.Ad-Hoc|Mixed Platforms.Deploy.0 = Release|x86
		{0AAD75BB-19DA-415E-8F7B-35474273C203}.Ad-Hoc|x86.ActiveCfg = Release|x86
		{0AAD75BB-19DA-415E-8F7B-35474273C203}.Ad-Hoc|x86.Build.0 = Release|x86
		{0AAD75BB-19DA-415E-8F7B-35474273C203}.Ad-Hoc|x86.Deploy.0 = Release|x86
		{0AAD75BB-19DA-415E-8F7B-35474273C203}.AppStore|Any CPU.ActiveCfg = Release|Any CPU
		{0AAD75BB-19DA-415E-8F7B-35474273C203}.AppStore|Any CPU.Build.0 = Release|Any CPU
		{0AAD75BB-19DA-415E-8F7B-35474273C203}.AppStore|Any CPU.Deploy.0 = Release|Any CPU
		{0AAD75BB-19DA-415E-8F7B-35474273C203}.AppStore|ARM.ActiveCfg = Release|ARM
		{0AAD75BB-19DA-415E-8F7B-35474273C203}.AppStore|ARM.Build.0 = Release|ARM
		{0AAD75BB-19DA-415E-8F7B-35474273C203}.AppStore|ARM.Deploy.0 = Release|ARM
		{0AAD75BB-19DA-415E-8F7B-35474273C203}.AppStore|iPhone.ActiveCfg = Release|Any CPU
		{0AAD75BB-19DA-415E-8F7B-35474273C203}.AppStore|iPhoneSimulator.ActiveCfg = Release|Any CPU
		{0AAD75BB-19DA-415E-8F7B-35474273C203}.AppStore|Mixed Platforms.ActiveCfg = Release|x86
		{0AAD75BB-19DA-415E-8F7B-35474273C203}.AppStore|Mixed Platforms.Build.0 = Release|x86
		{0AAD75BB-19DA-415E-8F7B-35474273C203}.AppStore|Mixed Platforms.Deploy.0 = Release|x86
		{0AAD75BB-19DA-415E-8F7B-35474273C203}.AppStore|x86.ActiveCfg = Release|x86
		{0AAD75BB-19DA-415E-8F7B-35474273C203}.AppStore|x86.Build.0 = Release|x86
		{0AAD75BB-19DA-415E-8F7B-35474273C203}.AppStore|x86.Deploy.0 = Release|x86
		{0AAD75BB-19DA-415E-8F7B-35474273C203}.Debug|Any CPU.ActiveCfg = Debug|Any CPU
		{0AAD75BB-19DA-415E-8F7B-35474273C203}.Debug|Any CPU.Build.0 = Debug|Any CPU
		{0AAD75BB-19DA-415E-8F7B-35474273C203}.Debug|Any CPU.Deploy.0 = Debug|Any CPU
		{0AAD75BB-19DA-415E-8F7B-35474273C203}.Debug|ARM.ActiveCfg = Debug|ARM
		{0AAD75BB-19DA-415E-8F7B-35474273C203}.Debug|ARM.Build.0 = Debug|ARM
		{0AAD75BB-19DA-415E-8F7B-35474273C203}.Debug|ARM.Deploy.0 = Debug|ARM
		{0AAD75BB-19DA-415E-8F7B-35474273C203}.Debug|iPhone.ActiveCfg = Debug|Any CPU
		{0AAD75BB-19DA-415E-8F7B-35474273C203}.Debug|iPhoneSimulator.ActiveCfg = Debug|Any CPU
		{0AAD75BB-19DA-415E-8F7B-35474273C203}.Debug|Mixed Platforms.ActiveCfg = Debug|x86
		{0AAD75BB-19DA-415E-8F7B-35474273C203}.Debug|Mixed Platforms.Build.0 = Debug|x86
		{0AAD75BB-19DA-415E-8F7B-35474273C203}.Debug|Mixed Platforms.Deploy.0 = Debug|x86
		{0AAD75BB-19DA-415E-8F7B-35474273C203}.Debug|x86.ActiveCfg = Debug|x86
		{0AAD75BB-19DA-415E-8F7B-35474273C203}.Debug|x86.Build.0 = Debug|x86
		{0AAD75BB-19DA-415E-8F7B-35474273C203}.Debug|x86.Deploy.0 = Debug|x86
		{0AAD75BB-19DA-415E-8F7B-35474273C203}.Release|Any CPU.ActiveCfg = Release|Any CPU
		{0AAD75BB-19DA-415E-8F7B-35474273C203}.Release|Any CPU.Build.0 = Release|Any CPU
		{0AAD75BB-19DA-415E-8F7B-35474273C203}.Release|Any CPU.Deploy.0 = Release|Any CPU
		{0AAD75BB-19DA-415E-8F7B-35474273C203}.Release|ARM.ActiveCfg = Release|ARM
		{0AAD75BB-19DA-415E-8F7B-35474273C203}.Release|ARM.Build.0 = Release|ARM
		{0AAD75BB-19DA-415E-8F7B-35474273C203}.Release|ARM.Deploy.0 = Release|ARM
		{0AAD75BB-19DA-415E-8F7B-35474273C203}.Release|iPhone.ActiveCfg = Release|Any CPU
		{0AAD75BB-19DA-415E-8F7B-35474273C203}.Release|iPhoneSimulator.ActiveCfg = Release|Any CPU
		{0AAD75BB-19DA-415E-8F7B-35474273C203}.Release|Mixed Platforms.ActiveCfg = Release|x86
		{0AAD75BB-19DA-415E-8F7B-35474273C203}.Release|Mixed Platforms.Build.0 = Release|x86
		{0AAD75BB-19DA-415E-8F7B-35474273C203}.Release|Mixed Platforms.Deploy.0 = Release|x86
		{0AAD75BB-19DA-415E-8F7B-35474273C203}.Release|x86.ActiveCfg = Release|x86
		{0AAD75BB-19DA-415E-8F7B-35474273C203}.Release|x86.Build.0 = Release|x86
		{0AAD75BB-19DA-415E-8F7B-35474273C203}.Release|x86.Deploy.0 = Release|x86
	EndGlobalSection
	GlobalSection(SolutionProperties) = preSolution
		HideSolutionNode = FALSE
	EndGlobalSection
EndGlobal
